// !$*UTF8*$!
{
	archiveVersion = 1;
	classes = {
	};
	objectVersion = 70;
	objects = {

/* Begin PBXBuildFile section */
		FA1E15B12BA203820013E0CF /* FirebaseAuth in Frameworks */ = {isa = PBXBuildFile; productRef = FA1E15B02BA203820013E0CF /* FirebaseAuth */; };
		FA1E15B32BA203820013E0CF /* FirebaseFirestore in Frameworks */ = {isa = PBXBuildFile; productRef = FA1E15B22BA203820013E0CF /* FirebaseFirestore */; };
		FA1E15B52BA203820013E0CF /* FirebaseFirestoreSwift in Frameworks */ = {isa = PBXBuildFile; productRef = FA1E15B42BA203820013E0CF /* FirebaseFirestoreSwift */; };
		FA3317722B9DC5E900248936 /* GoogleSignIn in Frameworks */ = {isa = PBXBuildFile; productRef = FA3317712B9DC5E900248936 /* GoogleSignIn */; };
		FA3317742B9DC5E900248936 /* GoogleSignInSwift in Frameworks */ = {isa = PBXBuildFile; productRef = FA3317732B9DC5E900248936 /* GoogleSignInSwift */; };
		FA3317782B9DC6DC00248936 /* Utilities.swift in Sources */ = {isa = PBXBuildFile; fileRef = FA3317772B9DC6DC00248936 /* Utilities.swift */; };
		FA33177D2B9DF4E100248936 /* GoogleService-Info.plist in Resources */ = {isa = PBXBuildFile; fileRef = FA33177C2B9DF4E100248936 /* GoogleService-Info.plist */; };
		FA56F5E42D4B759B004B12E9 /* DependencyContainer.swift in Sources */ = {isa = PBXBuildFile; fileRef = FA56F5E32D4B759B004B12E9 /* DependencyContainer.swift */; };
		FAA1D1B72B8C80F400EE7364 /* CoffeApp.swift in Sources */ = {isa = PBXBuildFile; fileRef = FAA1D1B62B8C80F400EE7364 /* CoffeApp.swift */; };
		FAA1D1B92B8C80F400EE7364 /* HomeView.swift in Sources */ = {isa = PBXBuildFile; fileRef = FAA1D1B82B8C80F400EE7364 /* HomeView.swift */; };
		FAA1D1BB2B8C80F600EE7364 /* Assets.xcassets in Resources */ = {isa = PBXBuildFile; fileRef = FAA1D1BA2B8C80F600EE7364 /* Assets.xcassets */; };
		FAA1D1BE2B8C80F600EE7364 /* Preview Assets.xcassets in Resources */ = {isa = PBXBuildFile; fileRef = FAA1D1BD2B8C80F600EE7364 /* Preview Assets.xcassets */; };
		FAA1D1E32B8C819A00EE7364 /* BasketView.swift in Sources */ = {isa = PBXBuildFile; fileRef = FAA1D1E22B8C819A00EE7364 /* BasketView.swift */; };
		FAA1D1EB2B8C825A00EE7364 /* Drink.swift in Sources */ = {isa = PBXBuildFile; fileRef = FAA1D1EA2B8C825A00EE7364 /* Drink.swift */; };
		FAA1D1ED2B8C831C00EE7364 /* DummyData.swift in Sources */ = {isa = PBXBuildFile; fileRef = FAA1D1EC2B8C831C00EE7364 /* DummyData.swift */; };
		FAA1D1EF2B8C8A4800EE7364 /* Basket.swift in Sources */ = {isa = PBXBuildFile; fileRef = FAA1D1EE2B8C8A4800EE7364 /* Basket.swift */; };
		FAA1D1F12B8C8A7C00EE7364 /* Order.swift in Sources */ = {isa = PBXBuildFile; fileRef = FAA1D1F02B8C8A7C00EE7364 /* Order.swift */; };
		FAA1D1F32B8C8ABD00EE7364 /* UserModel.swift in Sources */ = {isa = PBXBuildFile; fileRef = FAA1D1F22B8C8ABD00EE7364 /* UserModel.swift */; };
		FAA1D1F62B8C8B9800EE7364 /* HomeViewModel.swift in Sources */ = {isa = PBXBuildFile; fileRef = FAA1D1F52B8C8B9800EE7364 /* HomeViewModel.swift */; };
		FAA1D1F92B8C8C8C00EE7364 /* FirebaseRepository.swift in Sources */ = {isa = PBXBuildFile; fileRef = FAA1D1F82B8C8C8C00EE7364 /* FirebaseRepository.swift */; };
		FAA1D2062B8CE41B00EE7364 /* BasketViewModel.swift in Sources */ = {isa = PBXBuildFile; fileRef = FAA1D2052B8CE41B00EE7364 /* BasketViewModel.swift */; };
		FAA1D2082B8DEC2D00EE7364 /* AccountViewModel.swift in Sources */ = {isa = PBXBuildFile; fileRef = FAA1D2072B8DEC2D00EE7364 /* AccountViewModel.swift */; };
		FAA1D20D2B8E02D800EE7364 /* KeychainAccess in Frameworks */ = {isa = PBXBuildFile; productRef = FAA1D20C2B8E02D800EE7364 /* KeychainAccess */; };
		FAA1D2112B8E036100EE7364 /* SecureStorage.swift in Sources */ = {isa = PBXBuildFile; fileRef = FAA1D2102B8E036100EE7364 /* SecureStorage.swift */; };
		FAA1D2132B8E049500EE7364 /* UserRepository.swift in Sources */ = {isa = PBXBuildFile; fileRef = FAA1D2122B8E049500EE7364 /* UserRepository.swift */; };
		FAA1D2182B8F1D9600EE7364 /* DrinkRow.swift in Sources */ = {isa = PBXBuildFile; fileRef = FAA1D2172B8F1D9600EE7364 /* DrinkRow.swift */; };
		FAA1D21A2B8F1D9C00EE7364 /* RemoteImageView.swift in Sources */ = {isa = PBXBuildFile; fileRef = FAA1D2192B8F1D9C00EE7364 /* RemoteImageView.swift */; };
		FAA1D2222B8F231000EE7364 /* FColletionReference.swift in Sources */ = {isa = PBXBuildFile; fileRef = FAA1D2212B8F231000EE7364 /* FColletionReference.swift */; };
		FAA1D2272B8F55A100EE7364 /* AppError.swift in Sources */ = {isa = PBXBuildFile; fileRef = FAA1D2262B8F55A100EE7364 /* AppError.swift */; };
		FADA61F32B9C680400FDD9AF /* Kingfisher in Frameworks */ = {isa = PBXBuildFile; productRef = FADA61F22B9C680400FDD9AF /* Kingfisher */; };
		FADA61F62B9C9CA100FDD9AF /* AuthenticationManager.swift in Sources */ = {isa = PBXBuildFile; fileRef = FADA61F52B9C9CA100FDD9AF /* AuthenticationManager.swift */; };
		FADA61FC2B9CCE4E00FDD9AF /* SignInModelView.swift in Sources */ = {isa = PBXBuildFile; fileRef = FADA61FB2B9CCE4E00FDD9AF /* SignInModelView.swift */; };
		FAE160202D56127C0094A3BD /* LoginMethodSelectionViewModel.swift in Sources */ = {isa = PBXBuildFile; fileRef = FAE1601F2D56127C0094A3BD /* LoginMethodSelectionViewModel.swift */; };
		FAE160392D563DC20094A3BD /* GoogleSignInHelper.swift in Sources */ = {isa = PBXBuildFile; fileRef = FAE160382D563DC20094A3BD /* GoogleSignInHelper.swift */; };
		FAE160E02D578D560094A3BD /* RegistrationViewModel.swift in Sources */ = {isa = PBXBuildFile; fileRef = FAE160DF2D578D560094A3BD /* RegistrationViewModel.swift */; };
		FAE160E22D57A9150094A3BD /* AppState.swift in Sources */ = {isa = PBXBuildFile; fileRef = FAE160E12D57A9150094A3BD /* AppState.swift */; };
		FAE161522D5A40CD0094A3BD /* FirebaseAuthUserAdapter.swift in Sources */ = {isa = PBXBuildFile; fileRef = FAE161512D5A40CD0094A3BD /* FirebaseAuthUserAdapter.swift */; };
		FAE161562D5A412C0094A3BD /* FirebaseAuthServiceAdapter.swift in Sources */ = {isa = PBXBuildFile; fileRef = FAE161552D5A412C0094A3BD /* FirebaseAuthServiceAdapter.swift */; };
		FAFF034A2D4B773200BCA8CE /* Swinject in Frameworks */ = {isa = PBXBuildFile; productRef = FAFF03492D4B773200BCA8CE /* Swinject */; };
/* End PBXBuildFile section */

/* Begin PBXFileReference section */
		FA3317772B9DC6DC00248936 /* Utilities.swift */ = {isa = PBXFileReference; lastKnownFileType = sourcecode.swift; path = Utilities.swift; sourceTree = "<group>"; };
		FA33177C2B9DF4E100248936 /* GoogleService-Info.plist */ = {isa = PBXFileReference; fileEncoding = 4; lastKnownFileType = text.plist.xml; path = "GoogleService-Info.plist"; sourceTree = "<group>"; };
		FA3317822B9DFB9200248936 /* Info.plist */ = {isa = PBXFileReference; lastKnownFileType = text.plist.xml; path = Info.plist; sourceTree = "<group>"; };
		FA56F5E32D4B759B004B12E9 /* DependencyContainer.swift */ = {isa = PBXFileReference; lastKnownFileType = sourcecode.swift; path = DependencyContainer.swift; sourceTree = "<group>"; };
		FAA1D1B32B8C80F400EE7364 /* Coffe.app */ = {isa = PBXFileReference; explicitFileType = wrapper.application; includeInIndex = 0; path = Coffe.app; sourceTree = BUILT_PRODUCTS_DIR; };
		FAA1D1B62B8C80F400EE7364 /* CoffeApp.swift */ = {isa = PBXFileReference; lastKnownFileType = sourcecode.swift; path = CoffeApp.swift; sourceTree = "<group>"; };
		FAA1D1B82B8C80F400EE7364 /* HomeView.swift */ = {isa = PBXFileReference; lastKnownFileType = sourcecode.swift; path = HomeView.swift; sourceTree = "<group>"; };
		FAA1D1BA2B8C80F600EE7364 /* Assets.xcassets */ = {isa = PBXFileReference; lastKnownFileType = folder.assetcatalog; path = Assets.xcassets; sourceTree = "<group>"; };
		FAA1D1BD2B8C80F600EE7364 /* Preview Assets.xcassets */ = {isa = PBXFileReference; lastKnownFileType = folder.assetcatalog; path = "Preview Assets.xcassets"; sourceTree = "<group>"; };
		FAA1D1E22B8C819A00EE7364 /* BasketView.swift */ = {isa = PBXFileReference; lastKnownFileType = sourcecode.swift; path = BasketView.swift; sourceTree = "<group>"; };
		FAA1D1EA2B8C825A00EE7364 /* Drink.swift */ = {isa = PBXFileReference; lastKnownFileType = sourcecode.swift; path = Drink.swift; sourceTree = "<group>"; };
		FAA1D1EC2B8C831C00EE7364 /* DummyData.swift */ = {isa = PBXFileReference; lastKnownFileType = sourcecode.swift; path = DummyData.swift; sourceTree = "<group>"; };
		FAA1D1EE2B8C8A4800EE7364 /* Basket.swift */ = {isa = PBXFileReference; lastKnownFileType = sourcecode.swift; path = Basket.swift; sourceTree = "<group>"; };
		FAA1D1F02B8C8A7C00EE7364 /* Order.swift */ = {isa = PBXFileReference; lastKnownFileType = sourcecode.swift; path = Order.swift; sourceTree = "<group>"; };
		FAA1D1F22B8C8ABD00EE7364 /* UserModel.swift */ = {isa = PBXFileReference; lastKnownFileType = sourcecode.swift; path = UserModel.swift; sourceTree = "<group>"; };
		FAA1D1F52B8C8B9800EE7364 /* HomeViewModel.swift */ = {isa = PBXFileReference; lastKnownFileType = sourcecode.swift; path = HomeViewModel.swift; sourceTree = "<group>"; };
		FAA1D1F82B8C8C8C00EE7364 /* FirebaseRepository.swift */ = {isa = PBXFileReference; lastKnownFileType = sourcecode.swift; path = FirebaseRepository.swift; sourceTree = "<group>"; };
		FAA1D2052B8CE41B00EE7364 /* BasketViewModel.swift */ = {isa = PBXFileReference; lastKnownFileType = sourcecode.swift; path = BasketViewModel.swift; sourceTree = "<group>"; };
		FAA1D2072B8DEC2D00EE7364 /* AccountViewModel.swift */ = {isa = PBXFileReference; lastKnownFileType = sourcecode.swift; path = AccountViewModel.swift; sourceTree = "<group>"; };
		FAA1D2102B8E036100EE7364 /* SecureStorage.swift */ = {isa = PBXFileReference; lastKnownFileType = sourcecode.swift; path = SecureStorage.swift; sourceTree = "<group>"; };
		FAA1D2122B8E049500EE7364 /* UserRepository.swift */ = {isa = PBXFileReference; lastKnownFileType = sourcecode.swift; path = UserRepository.swift; sourceTree = "<group>"; };
		FAA1D2172B8F1D9600EE7364 /* DrinkRow.swift */ = {isa = PBXFileReference; lastKnownFileType = sourcecode.swift; path = DrinkRow.swift; sourceTree = "<group>"; };
		FAA1D2192B8F1D9C00EE7364 /* RemoteImageView.swift */ = {isa = PBXFileReference; lastKnownFileType = sourcecode.swift; path = RemoteImageView.swift; sourceTree = "<group>"; };
		FAA1D2212B8F231000EE7364 /* FColletionReference.swift */ = {isa = PBXFileReference; lastKnownFileType = sourcecode.swift; path = FColletionReference.swift; sourceTree = "<group>"; };
		FAA1D2262B8F55A100EE7364 /* AppError.swift */ = {isa = PBXFileReference; lastKnownFileType = sourcecode.swift; path = AppError.swift; sourceTree = "<group>"; };
		FADA61F52B9C9CA100FDD9AF /* AuthenticationManager.swift */ = {isa = PBXFileReference; lastKnownFileType = sourcecode.swift; path = AuthenticationManager.swift; sourceTree = "<group>"; };
		FADA61FB2B9CCE4E00FDD9AF /* SignInModelView.swift */ = {isa = PBXFileReference; lastKnownFileType = sourcecode.swift; path = SignInModelView.swift; sourceTree = "<group>"; };
		FAE1601F2D56127C0094A3BD /* LoginMethodSelectionViewModel.swift */ = {isa = PBXFileReference; lastKnownFileType = sourcecode.swift; path = LoginMethodSelectionViewModel.swift; sourceTree = "<group>"; };
		FAE160382D563DC20094A3BD /* GoogleSignInHelper.swift */ = {isa = PBXFileReference; lastKnownFileType = sourcecode.swift; path = GoogleSignInHelper.swift; sourceTree = "<group>"; };
		FAE160DF2D578D560094A3BD /* RegistrationViewModel.swift */ = {isa = PBXFileReference; lastKnownFileType = sourcecode.swift; path = RegistrationViewModel.swift; sourceTree = "<group>"; };
		FAE160E12D57A9150094A3BD /* AppState.swift */ = {isa = PBXFileReference; lastKnownFileType = sourcecode.swift; path = AppState.swift; sourceTree = "<group>"; };
		FAE161512D5A40CD0094A3BD /* FirebaseAuthUserAdapter.swift */ = {isa = PBXFileReference; lastKnownFileType = sourcecode.swift; path = FirebaseAuthUserAdapter.swift; sourceTree = "<group>"; };
		FAE161552D5A412C0094A3BD /* FirebaseAuthServiceAdapter.swift */ = {isa = PBXFileReference; lastKnownFileType = sourcecode.swift; path = FirebaseAuthServiceAdapter.swift; sourceTree = "<group>"; };
/* End PBXFileReference section */

/* Begin PBXFileSystemSynchronizedRootGroup section */
		FAE160182D55F6D70094A3BD /* Coordinator */ = {isa = PBXFileSystemSynchronizedRootGroup; explicitFileTypes = {}; explicitFolders = (); path = Coordinator; sourceTree = "<group>"; };
		FAE1614D2D5A3E070094A3BD /* root */ = {isa = PBXFileSystemSynchronizedRootGroup; explicitFileTypes = {}; explicitFolders = (); path = root; sourceTree = "<group>"; };
		FAE161582D5B56A10094A3BD /* Models */ = {isa = PBXFileSystemSynchronizedRootGroup; explicitFileTypes = {}; explicitFolders = (); path = Models; sourceTree = "<group>"; };
		FAFF03EA2D4BA6FE00BCA8CE /* Alert */ = {isa = PBXFileSystemSynchronizedRootGroup; explicitFileTypes = {}; explicitFolders = (); path = Alert; sourceTree = "<group>"; };
		FAFF03ED2D4BA73700BCA8CE /* Extensions */ = {isa = PBXFileSystemSynchronizedRootGroup; explicitFileTypes = {}; explicitFolders = (); path = Extensions; sourceTree = "<group>"; };
		FAFF03F42D4E285200BCA8CE /* AccountView */ = {isa = PBXFileSystemSynchronizedRootGroup; explicitFileTypes = {}; explicitFolders = (); path = AccountView; sourceTree = "<group>"; };
		FAFF03F82D4E410900BCA8CE /* DrinkDetailView */ = {isa = PBXFileSystemSynchronizedRootGroup; explicitFileTypes = {}; explicitFolders = (); path = DrinkDetailView; sourceTree = "<group>"; };
/* End PBXFileSystemSynchronizedRootGroup section */

/* Begin PBXFrameworksBuildPhase section */
		FAA1D1B02B8C80F400EE7364 /* Frameworks */ = {
			isa = PBXFrameworksBuildPhase;
			buildActionMask = 2147483647;
			files = (
				FA3317722B9DC5E900248936 /* GoogleSignIn in Frameworks */,
				FA1E15B12BA203820013E0CF /* FirebaseAuth in Frameworks */,
				FADA61F32B9C680400FDD9AF /* Kingfisher in Frameworks */,
				FA1E15B52BA203820013E0CF /* FirebaseFirestoreSwift in Frameworks */,
				FAA1D20D2B8E02D800EE7364 /* KeychainAccess in Frameworks */,
				FA3317742B9DC5E900248936 /* GoogleSignInSwift in Frameworks */,
				FA1E15B32BA203820013E0CF /* FirebaseFirestore in Frameworks */,
				FAFF034A2D4B773200BCA8CE /* Swinject in Frameworks */,
			);
			runOnlyForDeploymentPostprocessing = 0;
		};
/* End PBXFrameworksBuildPhase section */

/* Begin PBXGroup section */
		FAA1D1AA2B8C80F400EE7364 = {
			isa = PBXGroup;
			children = (
				FAA1D1B52B8C80F400EE7364 /* Coffe */,
				FAA1D1B42B8C80F400EE7364 /* Products */,
			);
			sourceTree = "<group>";
		};
		FAA1D1B42B8C80F400EE7364 /* Products */ = {
			isa = PBXGroup;
			children = (
				FAA1D1B32B8C80F400EE7364 /* Coffe.app */,
			);
			name = Products;
			sourceTree = "<group>";
		};
		FAA1D1B52B8C80F400EE7364 /* Coffe */ = {
			isa = PBXGroup;
			children = (
				FAE1614E2D5A3E230094A3BD /* App */,
				FAE160182D55F6D70094A3BD /* Coordinator */,
				FAFF03ED2D4BA73700BCA8CE /* Extensions */,
				FAA1D1E92B8C822E00EE7364 /* ViewModels */,
				FAA1D1E82B8C822000EE7364 /* Models */,
				FAA1D1E72B8C821600EE7364 /* Views */,
				FAA1D1F72B8C8C7000EE7364 /* Networking */,
				FADA61F42B9C9BDA00FDD9AF /* Authentication */,
				FAA1D20E2B8E030500EE7364 /* Utilities */,
				FAA1D1BA2B8C80F600EE7364 /* Assets.xcassets */,
				FAA1D1BC2B8C80F600EE7364 /* Preview Content */,
				FA3317822B9DFB9200248936 /* Info.plist */,
				FA33177C2B9DF4E100248936 /* GoogleService-Info.plist */,
			);
			path = Coffe;
			sourceTree = "<group>";
		};
		FAA1D1BC2B8C80F600EE7364 /* Preview Content */ = {
			isa = PBXGroup;
			children = (
				FAA1D1BD2B8C80F600EE7364 /* Preview Assets.xcassets */,
			);
			path = "Preview Content";
			sourceTree = "<group>";
		};
		FAA1D1E72B8C821600EE7364 /* Views */ = {
			isa = PBXGroup;
			children = (
				FAE1614D2D5A3E070094A3BD /* root */,
				FAFF03F72D4E40F800BCA8CE /* HomeView */,
				FAFF03F42D4E285200BCA8CE /* AccountView */,
				FAA1D1E22B8C819A00EE7364 /* BasketView.swift */,
				FAA1D21B2B8F1DA400EE7364 /* Components */,
			);
			path = Views;
			sourceTree = "<group>";
		};
		FAA1D1E82B8C822000EE7364 /* Models */ = {
			isa = PBXGroup;
			children = (
				FAA1D1EC2B8C831C00EE7364 /* DummyData.swift */,
				FAA1D1EE2B8C8A4800EE7364 /* Basket.swift */,
				FAA1D1EA2B8C825A00EE7364 /* Drink.swift */,
				FAA1D1F02B8C8A7C00EE7364 /* Order.swift */,
				FAA1D1F22B8C8ABD00EE7364 /* UserModel.swift */,
				FAA1D2262B8F55A100EE7364 /* AppError.swift */,
			);
			path = Models;
			sourceTree = "<group>";
		};
		FAA1D1E92B8C822E00EE7364 /* ViewModels */ = {
			isa = PBXGroup;
			children = (
				FAE160DF2D578D560094A3BD /* RegistrationViewModel.swift */,
				FAE1601F2D56127C0094A3BD /* LoginMethodSelectionViewModel.swift */,
				FAA1D1F52B8C8B9800EE7364 /* HomeViewModel.swift */,
				FAA1D2052B8CE41B00EE7364 /* BasketViewModel.swift */,
				FAA1D2072B8DEC2D00EE7364 /* AccountViewModel.swift */,
				FADA61FB2B9CCE4E00FDD9AF /* SignInModelView.swift */,
			);
			path = ViewModels;
			sourceTree = "<group>";
		};
		FAA1D1F72B8C8C7000EE7364 /* Networking */ = {
			isa = PBXGroup;
			children = (
				FAA1D1F82B8C8C8C00EE7364 /* FirebaseRepository.swift */,
				FAA1D2212B8F231000EE7364 /* FColletionReference.swift */,
			);
			path = Networking;
			sourceTree = "<group>";
		};
		FAA1D20E2B8E030500EE7364 /* Utilities */ = {
			isa = PBXGroup;
			children = (
				FA56F5E32D4B759B004B12E9 /* DependencyContainer.swift */,
				FAA1D2102B8E036100EE7364 /* SecureStorage.swift */,
				FAA1D2122B8E049500EE7364 /* UserRepository.swift */,
				FA3317772B9DC6DC00248936 /* Utilities.swift */,
			);
			path = Utilities;
			sourceTree = "<group>";
		};
		FAA1D21B2B8F1DA400EE7364 /* Components */ = {
			isa = PBXGroup;
			children = (
				FAFF03EA2D4BA6FE00BCA8CE /* Alert */,
				FAA1D2192B8F1D9C00EE7364 /* RemoteImageView.swift */,
				FAA1D2172B8F1D9600EE7364 /* DrinkRow.swift */,
			);
			path = Components;
			sourceTree = "<group>";
		};
		FADA61F42B9C9BDA00FDD9AF /* Authentication */ = {
			isa = PBXGroup;
			children = (
				FAE161582D5B56A10094A3BD /* Models */,
				FAE161572D5A41400094A3BD /* Firebase */,
				FADA61F52B9C9CA100FDD9AF /* AuthenticationManager.swift */,
			);
			path = Authentication;
			sourceTree = "<group>";
		};
		FAE1614E2D5A3E230094A3BD /* App */ = {
			isa = PBXGroup;
			children = (
				FAE160E12D57A9150094A3BD /* AppState.swift */,
				FAA1D1B62B8C80F400EE7364 /* CoffeApp.swift */,
			);
			path = App;
			sourceTree = "<group>";
		};
		FAE161572D5A41400094A3BD /* Firebase */ = {
			isa = PBXGroup;
			children = (
				FAE160382D563DC20094A3BD /* GoogleSignInHelper.swift */,
				FAE161512D5A40CD0094A3BD /* FirebaseAuthUserAdapter.swift */,
				FAE161552D5A412C0094A3BD /* FirebaseAuthServiceAdapter.swift */,
			);
			path = Firebase;
			sourceTree = "<group>";
		};
		FAFF03F72D4E40F800BCA8CE /* HomeView */ = {
			isa = PBXGroup;
			children = (
				FAFF03F82D4E410900BCA8CE /* DrinkDetailView */,
				FAA1D1B82B8C80F400EE7364 /* HomeView.swift */,
			);
			path = HomeView;
			sourceTree = "<group>";
		};
/* End PBXGroup section */

/* Begin PBXNativeTarget section */
		FAA1D1B22B8C80F400EE7364 /* Coffe */ = {
			isa = PBXNativeTarget;
			buildConfigurationList = FAA1D1D72B8C80F600EE7364 /* Build configuration list for PBXNativeTarget "Coffe" */;
			buildPhases = (
				FAA1D1AF2B8C80F400EE7364 /* Sources */,
				FAA1D1B02B8C80F400EE7364 /* Frameworks */,
				FAA1D1B12B8C80F400EE7364 /* Resources */,
			);
			buildRules = (
			);
			dependencies = (
			);
			fileSystemSynchronizedGroups = (
				FAE160182D55F6D70094A3BD /* Coordinator */,
				FAE1614D2D5A3E070094A3BD /* root */,
				FAE161582D5B56A10094A3BD /* Models */,
				FAFF03EA2D4BA6FE00BCA8CE /* Alert */,
				FAFF03ED2D4BA73700BCA8CE /* Extensions */,
				FAFF03F42D4E285200BCA8CE /* AccountView */,
				FAFF03F82D4E410900BCA8CE /* DrinkDetailView */,
			);
			name = Coffe;
			packageProductDependencies = (
				FAA1D20C2B8E02D800EE7364 /* KeychainAccess */,
				FADA61F22B9C680400FDD9AF /* Kingfisher */,
				FA3317712B9DC5E900248936 /* GoogleSignIn */,
				FA3317732B9DC5E900248936 /* GoogleSignInSwift */,
				FA1E15B02BA203820013E0CF /* FirebaseAuth */,
				FA1E15B22BA203820013E0CF /* FirebaseFirestore */,
				FA1E15B42BA203820013E0CF /* FirebaseFirestoreSwift */,
				FAFF03492D4B773200BCA8CE /* Swinject */,
			);
			productName = Coffe;
			productReference = FAA1D1B32B8C80F400EE7364 /* Coffe.app */;
			productType = "com.apple.product-type.application";
		};
/* End PBXNativeTarget section */

/* Begin PBXProject section */
		FAA1D1AB2B8C80F400EE7364 /* Project object */ = {
			isa = PBXProject;
			attributes = {
				BuildIndependentTargetsInParallel = 1;
				LastSwiftUpdateCheck = 1520;
				LastUpgradeCheck = 1520;
				TargetAttributes = {
					FAA1D1B22B8C80F400EE7364 = {
						CreatedOnToolsVersion = 15.2;
					};
				};
			};
			buildConfigurationList = FAA1D1AE2B8C80F400EE7364 /* Build configuration list for PBXProject "Coffe" */;
			compatibilityVersion = "Xcode 14.0";
			developmentRegion = en;
			hasScannedForEncodings = 0;
			knownRegions = (
				en,
				Base,
			);
			mainGroup = FAA1D1AA2B8C80F400EE7364;
			packageReferences = (
				FAA1D20B2B8E02D800EE7364 /* XCRemoteSwiftPackageReference "KeychainAccess" */,
				FADA61F12B9C680400FDD9AF /* XCRemoteSwiftPackageReference "Kingfisher" */,
				FA3317702B9DC5E900248936 /* XCRemoteSwiftPackageReference "GoogleSignIn-iOS" */,
				FA1E15AF2BA203820013E0CF /* XCRemoteSwiftPackageReference "firebase-ios-sdk" */,
				FAFF03482D4B773200BCA8CE /* XCRemoteSwiftPackageReference "Swinject" */,
			);
			productRefGroup = FAA1D1B42B8C80F400EE7364 /* Products */;
			projectDirPath = "";
			projectRoot = "";
			targets = (
				FAA1D1B22B8C80F400EE7364 /* Coffe */,
			);
		};
/* End PBXProject section */

/* Begin PBXResourcesBuildPhase section */
		FAA1D1B12B8C80F400EE7364 /* Resources */ = {
			isa = PBXResourcesBuildPhase;
			buildActionMask = 2147483647;
			files = (
				FAA1D1BE2B8C80F600EE7364 /* Preview Assets.xcassets in Resources */,
				FA33177D2B9DF4E100248936 /* GoogleService-Info.plist in Resources */,
				FAA1D1BB2B8C80F600EE7364 /* Assets.xcassets in Resources */,
			);
			runOnlyForDeploymentPostprocessing = 0;
		};
/* End PBXResourcesBuildPhase section */

/* Begin PBXSourcesBuildPhase section */
		FAA1D1AF2B8C80F400EE7364 /* Sources */ = {
			isa = PBXSourcesBuildPhase;
			buildActionMask = 2147483647;
			files = (
				FAA1D2112B8E036100EE7364 /* SecureStorage.swift in Sources */,
				FAA1D2222B8F231000EE7364 /* FColletionReference.swift in Sources */,
				FAE160E02D578D560094A3BD /* RegistrationViewModel.swift in Sources */,
				FAA1D1F62B8C8B9800EE7364 /* HomeViewModel.swift in Sources */,
				FAA1D1EF2B8C8A4800EE7364 /* Basket.swift in Sources */,
				FAE161522D5A40CD0094A3BD /* FirebaseAuthUserAdapter.swift in Sources */,
				FAA1D1E32B8C819A00EE7364 /* BasketView.swift in Sources */,
				FAE160392D563DC20094A3BD /* GoogleSignInHelper.swift in Sources */,
				FAA1D1F12B8C8A7C00EE7364 /* Order.swift in Sources */,
				FAE161562D5A412C0094A3BD /* FirebaseAuthServiceAdapter.swift in Sources */,
				FAA1D1B92B8C80F400EE7364 /* HomeView.swift in Sources */,
				FAA1D2182B8F1D9600EE7364 /* DrinkRow.swift in Sources */,
				FAA1D2062B8CE41B00EE7364 /* BasketViewModel.swift in Sources */,
				FAA1D1ED2B8C831C00EE7364 /* DummyData.swift in Sources */,
				FAA1D1B72B8C80F400EE7364 /* CoffeApp.swift in Sources */,
				FADA61FC2B9CCE4E00FDD9AF /* SignInModelView.swift in Sources */,
				FA56F5E42D4B759B004B12E9 /* DependencyContainer.swift in Sources */,
				FA3317782B9DC6DC00248936 /* Utilities.swift in Sources */,
				FADA61F62B9C9CA100FDD9AF /* AuthenticationManager.swift in Sources */,
				FAA1D1F92B8C8C8C00EE7364 /* FirebaseRepository.swift in Sources */,
				FAE160202D56127C0094A3BD /* LoginMethodSelectionViewModel.swift in Sources */,
				FAA1D1EB2B8C825A00EE7364 /* Drink.swift in Sources */,
				FAA1D1F32B8C8ABD00EE7364 /* UserModel.swift in Sources */,
				FAA1D21A2B8F1D9C00EE7364 /* RemoteImageView.swift in Sources */,
				FAA1D2082B8DEC2D00EE7364 /* AccountViewModel.swift in Sources */,
				FAA1D2132B8E049500EE7364 /* UserRepository.swift in Sources */,
				FAE160E22D57A9150094A3BD /* AppState.swift in Sources */,
				FAA1D2272B8F55A100EE7364 /* AppError.swift in Sources */,
			);
			runOnlyForDeploymentPostprocessing = 0;
		};
/* End PBXSourcesBuildPhase section */

/* Begin XCBuildConfiguration section */
		FAA1D1D52B8C80F600EE7364 /* Debug */ = {
			isa = XCBuildConfiguration;
			buildSettings = {
				ALWAYS_SEARCH_USER_PATHS = NO;
				ASSETCATALOG_COMPILER_GENERATE_SWIFT_ASSET_SYMBOL_EXTENSIONS = YES;
				CLANG_ANALYZER_NONNULL = YES;
				CLANG_ANALYZER_NUMBER_OBJECT_CONVERSION = YES_AGGRESSIVE;
				CLANG_CXX_LANGUAGE_STANDARD = "gnu++20";
				CLANG_ENABLE_MODULES = YES;
				CLANG_ENABLE_OBJC_ARC = YES;
				CLANG_ENABLE_OBJC_WEAK = YES;
				CLANG_WARN_BLOCK_CAPTURE_AUTORELEASING = YES;
				CLANG_WARN_BOOL_CONVERSION = YES;
				CLANG_WARN_COMMA = YES;
				CLANG_WARN_CONSTANT_CONVERSION = YES;
				CLANG_WARN_DEPRECATED_OBJC_IMPLEMENTATIONS = YES;
				CLANG_WARN_DIRECT_OBJC_ISA_USAGE = YES_ERROR;
				CLANG_WARN_DOCUMENTATION_COMMENTS = YES;
				CLANG_WARN_EMPTY_BODY = YES;
				CLANG_WARN_ENUM_CONVERSION = YES;
				CLANG_WARN_INFINITE_RECURSION = YES;
				CLANG_WARN_INT_CONVERSION = YES;
				CLANG_WARN_NON_LITERAL_NULL_CONVERSION = YES;
				CLANG_WARN_OBJC_IMPLICIT_RETAIN_SELF = YES;
				CLANG_WARN_OBJC_LITERAL_CONVERSION = YES;
				CLANG_WARN_OBJC_ROOT_CLASS = YES_ERROR;
				CLANG_WARN_QUOTED_INCLUDE_IN_FRAMEWORK_HEADER = YES;
				CLANG_WARN_RANGE_LOOP_ANALYSIS = YES;
				CLANG_WARN_STRICT_PROTOTYPES = YES;
				CLANG_WARN_SUSPICIOUS_MOVE = YES;
				CLANG_WARN_UNGUARDED_AVAILABILITY = YES_AGGRESSIVE;
				CLANG_WARN_UNREACHABLE_CODE = YES;
				CLANG_WARN__DUPLICATE_METHOD_MATCH = YES;
				COPY_PHASE_STRIP = NO;
				DEBUG_INFORMATION_FORMAT = dwarf;
				ENABLE_STRICT_OBJC_MSGSEND = YES;
				ENABLE_TESTABILITY = YES;
				ENABLE_USER_SCRIPT_SANDBOXING = YES;
				GCC_C_LANGUAGE_STANDARD = gnu17;
				GCC_DYNAMIC_NO_PIC = NO;
				GCC_NO_COMMON_BLOCKS = YES;
				GCC_OPTIMIZATION_LEVEL = 0;
				GCC_PREPROCESSOR_DEFINITIONS = (
					"DEBUG=1",
					"$(inherited)",
				);
				GCC_WARN_64_TO_32_BIT_CONVERSION = YES;
				GCC_WARN_ABOUT_RETURN_TYPE = YES_ERROR;
				GCC_WARN_UNDECLARED_SELECTOR = YES;
				GCC_WARN_UNINITIALIZED_AUTOS = YES_AGGRESSIVE;
				GCC_WARN_UNUSED_FUNCTION = YES;
				GCC_WARN_UNUSED_VARIABLE = YES;
				IPHONEOS_DEPLOYMENT_TARGET = 17.2;
				LOCALIZATION_PREFERS_STRING_CATALOGS = YES;
				MTL_ENABLE_DEBUG_INFO = INCLUDE_SOURCE;
				MTL_FAST_MATH = YES;
				ONLY_ACTIVE_ARCH = YES;
				SDKROOT = iphoneos;
				SWIFT_ACTIVE_COMPILATION_CONDITIONS = "DEBUG $(inherited)";
				SWIFT_OPTIMIZATION_LEVEL = "-Onone";
			};
			name = Debug;
		};
		FAA1D1D62B8C80F600EE7364 /* Release */ = {
			isa = XCBuildConfiguration;
			buildSettings = {
				ALWAYS_SEARCH_USER_PATHS = NO;
				ASSETCATALOG_COMPILER_GENERATE_SWIFT_ASSET_SYMBOL_EXTENSIONS = YES;
				CLANG_ANALYZER_NONNULL = YES;
				CLANG_ANALYZER_NUMBER_OBJECT_CONVERSION = YES_AGGRESSIVE;
				CLANG_CXX_LANGUAGE_STANDARD = "gnu++20";
				CLANG_ENABLE_MODULES = YES;
				CLANG_ENABLE_OBJC_ARC = YES;
				CLANG_ENABLE_OBJC_WEAK = YES;
				CLANG_WARN_BLOCK_CAPTURE_AUTORELEASING = YES;
				CLANG_WARN_BOOL_CONVERSION = YES;
				CLANG_WARN_COMMA = YES;
				CLANG_WARN_CONSTANT_CONVERSION = YES;
				CLANG_WARN_DEPRECATED_OBJC_IMPLEMENTATIONS = YES;
				CLANG_WARN_DIRECT_OBJC_ISA_USAGE = YES_ERROR;
				CLANG_WARN_DOCUMENTATION_COMMENTS = YES;
				CLANG_WARN_EMPTY_BODY = YES;
				CLANG_WARN_ENUM_CONVERSION = YES;
				CLANG_WARN_INFINITE_RECURSION = YES;
				CLANG_WARN_INT_CONVERSION = YES;
				CLANG_WARN_NON_LITERAL_NULL_CONVERSION = YES;
				CLANG_WARN_OBJC_IMPLICIT_RETAIN_SELF = YES;
				CLANG_WARN_OBJC_LITERAL_CONVERSION = YES;
				CLANG_WARN_OBJC_ROOT_CLASS = YES_ERROR;
				CLANG_WARN_QUOTED_INCLUDE_IN_FRAMEWORK_HEADER = YES;
				CLANG_WARN_RANGE_LOOP_ANALYSIS = YES;
				CLANG_WARN_STRICT_PROTOTYPES = YES;
				CLANG_WARN_SUSPICIOUS_MOVE = YES;
				CLANG_WARN_UNGUARDED_AVAILABILITY = YES_AGGRESSIVE;
				CLANG_WARN_UNREACHABLE_CODE = YES;
				CLANG_WARN__DUPLICATE_METHOD_MATCH = YES;
				COPY_PHASE_STRIP = NO;
				DEBUG_INFORMATION_FORMAT = "dwarf-with-dsym";
				ENABLE_NS_ASSERTIONS = NO;
				ENABLE_STRICT_OBJC_MSGSEND = YES;
				ENABLE_USER_SCRIPT_SANDBOXING = YES;
				GCC_C_LANGUAGE_STANDARD = gnu17;
				GCC_NO_COMMON_BLOCKS = YES;
				GCC_WARN_64_TO_32_BIT_CONVERSION = YES;
				GCC_WARN_ABOUT_RETURN_TYPE = YES_ERROR;
				GCC_WARN_UNDECLARED_SELECTOR = YES;
				GCC_WARN_UNINITIALIZED_AUTOS = YES_AGGRESSIVE;
				GCC_WARN_UNUSED_FUNCTION = YES;
				GCC_WARN_UNUSED_VARIABLE = YES;
				IPHONEOS_DEPLOYMENT_TARGET = 17.2;
				LOCALIZATION_PREFERS_STRING_CATALOGS = YES;
				MTL_ENABLE_DEBUG_INFO = NO;
				MTL_FAST_MATH = YES;
				SDKROOT = iphoneos;
				SWIFT_COMPILATION_MODE = wholemodule;
				VALIDATE_PRODUCT = YES;
			};
			name = Release;
		};
		FAA1D1D82B8C80F600EE7364 /* Debug */ = {
			isa = XCBuildConfiguration;
			buildSettings = {
				ASSETCATALOG_COMPILER_APPICON_NAME = AppIcon;
				ASSETCATALOG_COMPILER_GLOBAL_ACCENT_COLOR_NAME = AccentColor;
				CODE_SIGN_STYLE = Automatic;
				CURRENT_PROJECT_VERSION = 1;
				DEVELOPMENT_ASSET_PATHS = "\"Coffe/Preview Content\"";
				DEVELOPMENT_TEAM = 57FHRQVBLR;
				ENABLE_PREVIEWS = YES;
				GENERATE_INFOPLIST_FILE = YES;
				INFOPLIST_FILE = Coffe/Info.plist;
				INFOPLIST_KEY_UIApplicationSceneManifest_Generation = YES;
				INFOPLIST_KEY_UIApplicationSupportsIndirectInputEvents = YES;
				INFOPLIST_KEY_UILaunchScreen_Generation = YES;
				INFOPLIST_KEY_UISupportedInterfaceOrientations_iPad = "UIInterfaceOrientationPortrait UIInterfaceOrientationPortraitUpsideDown UIInterfaceOrientationLandscapeLeft UIInterfaceOrientationLandscapeRight";
				INFOPLIST_KEY_UISupportedInterfaceOrientations_iPhone = "UIInterfaceOrientationPortrait UIInterfaceOrientationLandscapeLeft UIInterfaceOrientationLandscapeRight";
				LD_RUNPATH_SEARCH_PATHS = (
					"$(inherited)",
					"@executable_path/Frameworks",
				);
				MARKETING_VERSION = 1.0;
				PRODUCT_BUNDLE_IDENTIFIER = "luky.skrivos-gmail.com.Coffe";
				PRODUCT_NAME = "$(TARGET_NAME)";
				SWIFT_EMIT_LOC_STRINGS = YES;
				SWIFT_VERSION = 5.0;
				TARGETED_DEVICE_FAMILY = "1,2";
			};
			name = Debug;
		};
		FAA1D1D92B8C80F600EE7364 /* Release */ = {
			isa = XCBuildConfiguration;
			buildSettings = {
				ASSETCATALOG_COMPILER_APPICON_NAME = AppIcon;
				ASSETCATALOG_COMPILER_GLOBAL_ACCENT_COLOR_NAME = AccentColor;
				CODE_SIGN_STYLE = Automatic;
				CURRENT_PROJECT_VERSION = 1;
				DEVELOPMENT_ASSET_PATHS = "\"Coffe/Preview Content\"";
				DEVELOPMENT_TEAM = 57FHRQVBLR;
				ENABLE_PREVIEWS = YES;
				GENERATE_INFOPLIST_FILE = YES;
				INFOPLIST_FILE = Coffe/Info.plist;
				INFOPLIST_KEY_UIApplicationSceneManifest_Generation = YES;
				INFOPLIST_KEY_UIApplicationSupportsIndirectInputEvents = YES;
				INFOPLIST_KEY_UILaunchScreen_Generation = YES;
				INFOPLIST_KEY_UISupportedInterfaceOrientations_iPad = "UIInterfaceOrientationPortrait UIInterfaceOrientationPortraitUpsideDown UIInterfaceOrientationLandscapeLeft UIInterfaceOrientationLandscapeRight";
				INFOPLIST_KEY_UISupportedInterfaceOrientations_iPhone = "UIInterfaceOrientationPortrait UIInterfaceOrientationLandscapeLeft UIInterfaceOrientationLandscapeRight";
				LD_RUNPATH_SEARCH_PATHS = (
					"$(inherited)",
					"@executable_path/Frameworks",
				);
				MARKETING_VERSION = 1.0;
				PRODUCT_BUNDLE_IDENTIFIER = "luky.skrivos-gmail.com.Coffe";
				PRODUCT_NAME = "$(TARGET_NAME)";
				SWIFT_EMIT_LOC_STRINGS = YES;
				SWIFT_VERSION = 5.0;
				TARGETED_DEVICE_FAMILY = "1,2";
			};
			name = Release;
		};
/* End XCBuildConfiguration section */

/* Begin XCConfigurationList section */
		FAA1D1AE2B8C80F400EE7364 /* Build configuration list for PBXProject "Coffe" */ = {
			isa = XCConfigurationList;
			buildConfigurations = (
				FAA1D1D52B8C80F600EE7364 /* Debug */,
				FAA1D1D62B8C80F600EE7364 /* Release */,
			);
			defaultConfigurationIsVisible = 0;
			defaultConfigurationName = Release;
		};
		FAA1D1D72B8C80F600EE7364 /* Build configuration list for PBXNativeTarget "Coffe" */ = {
			isa = XCConfigurationList;
			buildConfigurations = (
				FAA1D1D82B8C80F600EE7364 /* Debug */,
				FAA1D1D92B8C80F600EE7364 /* Release */,
			);
			defaultConfigurationIsVisible = 0;
			defaultConfigurationName = Release;
		};
/* End XCConfigurationList section */

/* Begin XCRemoteSwiftPackageReference section */
		FA1E15AF2BA203820013E0CF /* XCRemoteSwiftPackageReference "firebase-ios-sdk" */ = {
			isa = XCRemoteSwiftPackageReference;
			repositoryURL = "https://github.com/firebase/firebase-ios-sdk";
			requirement = {
				kind = upToNextMajorVersion;
				minimumVersion = 10.22.1;
			};
		};
		FA3317702B9DC5E900248936 /* XCRemoteSwiftPackageReference "GoogleSignIn-iOS" */ = {
			isa = XCRemoteSwiftPackageReference;
			repositoryURL = "https://github.com/google/GoogleSignIn-iOS";
			requirement = {
				kind = upToNextMajorVersion;
				minimumVersion = 7.0.0;
			};
		};
		FAA1D20B2B8E02D800EE7364 /* XCRemoteSwiftPackageReference "KeychainAccess" */ = {
			isa = XCRemoteSwiftPackageReference;
			repositoryURL = "https://github.com/kishikawakatsumi/KeychainAccess";
			requirement = {
				branch = master;
				kind = branch;
			};
		};
		FADA61F12B9C680400FDD9AF /* XCRemoteSwiftPackageReference "Kingfisher" */ = {
			isa = XCRemoteSwiftPackageReference;
			repositoryURL = "https://github.com/onevcat/Kingfisher.git";
			requirement = {
				kind = upToNextMajorVersion;
				minimumVersion = 7.11.0;
			};
		};
		FAFF03482D4B773200BCA8CE /* XCRemoteSwiftPackageReference "Swinject" */ = {
			isa = XCRemoteSwiftPackageReference;
			repositoryURL = "https://github.com/Swinject/Swinject.git";
			requirement = {
				kind = upToNextMajorVersion;
				minimumVersion = 2.9.1;
			};
		};
/* End XCRemoteSwiftPackageReference section */

/* Begin XCSwiftPackageProductDependency section */
		FA1E15B02BA203820013E0CF /* FirebaseAuth */ = {
			isa = XCSwiftPackageProductDependency;
			package = FA1E15AF2BA203820013E0CF /* XCRemoteSwiftPackageReference "firebase-ios-sdk" */;
			productName = FirebaseAuth;
		};
		FA1E15B22BA203820013E0CF /* FirebaseFirestore */ = {
			isa = XCSwiftPackageProductDependency;
			package = FA1E15AF2BA203820013E0CF /* XCRemoteSwiftPackageReference "firebase-ios-sdk" */;
			productName = FirebaseFirestore;
		};
		FA1E15B42BA203820013E0CF /* FirebaseFirestoreSwift */ = {
			isa = XCSwiftPackageProductDependency;
			package = FA1E15AF2BA203820013E0CF /* XCRemoteSwiftPackageReference "firebase-ios-sdk" */;
			productName = FirebaseFirestoreSwift;
		};
		FA3317712B9DC5E900248936 /* GoogleSignIn */ = {
			isa = XCSwiftPackageProductDependency;
			package = FA3317702B9DC5E900248936 /* XCRemoteSwiftPackageReference "GoogleSignIn-iOS" */;
			productName = GoogleSignIn;
		};
		FA3317732B9DC5E900248936 /* GoogleSignInSwift */ = {
			isa = XCSwiftPackageProductDependency;
			package = FA3317702B9DC5E900248936 /* XCRemoteSwiftPackageReference "GoogleSignIn-iOS" */;
			productName = GoogleSignInSwift;
		};
		FAA1D20C2B8E02D800EE7364 /* KeychainAccess */ = {
			isa = XCSwiftPackageProductDependency;
			package = FAA1D20B2B8E02D800EE7364 /* XCRemoteSwiftPackageReference "KeychainAccess" */;
			productName = KeychainAccess;
		};
		FADA61F22B9C680400FDD9AF /* Kingfisher */ = {
			isa = XCSwiftPackageProductDependency;
			package = FADA61F12B9C680400FDD9AF /* XCRemoteSwiftPackageReference "Kingfisher" */;
			productName = Kingfisher;
		};
		FAFF03492D4B773200BCA8CE /* Swinject */ = {
			isa = XCSwiftPackageProductDependency;
			package = FAFF03482D4B773200BCA8CE /* XCRemoteSwiftPackageReference "Swinject" */;
			productName = Swinject;
		};
/* End XCSwiftPackageProductDependency section */
	};
	rootObject = FAA1D1AB2B8C80F400EE7364 /* Project object */;
}
