// !$*UTF8*$!
{
	archiveVersion = 1;
	classes = {
	};
	objectVersion = 77;
	objects = {

/* Begin PBXBuildFile section */
		305664752D8DF9A6009AE35A /* SuperExtensions in Frameworks */ = {isa = PBXBuildFile; productRef = 305664742D8DF9A6009AE35A /* SuperExtensions */; };
		3BBC1771F3C5B2FE898619A5 /* libPods-BasicCoffe-Coffe.a in Frameworks */ = {isa = PBXBuildFile; fileRef = 509A176D1C7CC4752D31F37B /* libPods-BasicCoffe-Coffe.a */; };
		CB6F3EC55EB8942E6AFBEB91 /* libPods-BasicCoffe-CoffeUnitTests.a in Frameworks */ = {isa = PBXBuildFile; fileRef = B74B9169AF7BD04C294451ED /* libPods-BasicCoffe-CoffeUnitTests.a */; };
		E7716EA01ACF5587EF0FC8F7 /* libPods-BasicCoffe-CoffeUITests.a in Frameworks */ = {isa = PBXBuildFile; fileRef = EA2C2D4B79642485CCA1BF41 /* libPods-BasicCoffe-CoffeUITests.a */; };
		FA1E15B12BA203820013E0CF /* FirebaseAuth in Frameworks */ = {isa = PBXBuildFile; productRef = FA1E15B02BA203820013E0CF /* FirebaseAuth */; };
		FA1E15B32BA203820013E0CF /* FirebaseFirestore in Frameworks */ = {isa = PBXBuildFile; productRef = FA1E15B22BA203820013E0CF /* FirebaseFirestore */; };
		FA1E15B52BA203820013E0CF /* FirebaseFirestoreSwift in Frameworks */ = {isa = PBXBuildFile; productRef = FA1E15B42BA203820013E0CF /* FirebaseFirestoreSwift */; };
		FA3317722B9DC5E900248936 /* GoogleSignIn in Frameworks */ = {isa = PBXBuildFile; productRef = FA3317712B9DC5E900248936 /* GoogleSignIn */; };
		FA3317742B9DC5E900248936 /* GoogleSignInSwift in Frameworks */ = {isa = PBXBuildFile; productRef = FA3317732B9DC5E900248936 /* GoogleSignInSwift */; };
		FAA1D20D2B8E02D800EE7364 /* KeychainAccess in Frameworks */ = {isa = PBXBuildFile; productRef = FAA1D20C2B8E02D800EE7364 /* KeychainAccess */; };
		FADA61F32B9C680400FDD9AF /* Kingfisher in Frameworks */ = {isa = PBXBuildFile; productRef = FADA61F22B9C680400FDD9AF /* Kingfisher */; };
		FAFF034A2D4B773200BCA8CE /* Swinject in Frameworks */ = {isa = PBXBuildFile; productRef = FAFF03492D4B773200BCA8CE /* Swinject */; };
/* End PBXBuildFile section */

/* Begin PBXContainerItemProxy section */
		FA2559D02D8B203600F91607 /* PBXContainerItemProxy */ = {
			isa = PBXContainerItemProxy;
			containerPortal = FAA1D1AB2B8C80F400EE7364 /* Project object */;
			proxyType = 1;
			remoteGlobalIDString = FAA1D1B22B8C80F400EE7364;
			remoteInfo = Coffe;
		};
		FA255A7D2D8C47B200F91607 /* PBXContainerItemProxy */ = {
			isa = PBXContainerItemProxy;
			containerPortal = FAA1D1AB2B8C80F400EE7364 /* Project object */;
			proxyType = 1;
			remoteGlobalIDString = FAA1D1B22B8C80F400EE7364;
			remoteInfo = Coffe;
		};
/* End PBXContainerItemProxy section */

/* Begin PBXFileReference section */
		0F6F36C7D7419B75BB671AD4 /* Pods-BasicCoffe-CoffeUITests.release.xcconfig */ = {isa = PBXFileReference; includeInIndex = 1; lastKnownFileType = text.xcconfig; name = "Pods-BasicCoffe-CoffeUITests.release.xcconfig"; path = "Target Support Files/Pods-BasicCoffe-CoffeUITests/Pods-BasicCoffe-CoffeUITests.release.xcconfig"; sourceTree = "<group>"; };
		32744429DD9450A51EEE3E99 /* Pods-Coffe-CoffeUITests.release.xcconfig */ = {isa = PBXFileReference; includeInIndex = 1; lastKnownFileType = text.xcconfig; name = "Pods-Coffe-CoffeUITests.release.xcconfig"; path = "Target Support Files/Pods-Coffe-CoffeUITests/Pods-Coffe-CoffeUITests.release.xcconfig"; sourceTree = "<group>"; };
		43E9C6C1AAAE9547C2D5CE3A /* Pods-Coffe-CoffeUITests.debug.xcconfig */ = {isa = PBXFileReference; includeInIndex = 1; lastKnownFileType = text.xcconfig; name = "Pods-Coffe-CoffeUITests.debug.xcconfig"; path = "Target Support Files/Pods-Coffe-CoffeUITests/Pods-Coffe-CoffeUITests.debug.xcconfig"; sourceTree = "<group>"; };
		4428C7CFB57095EA57FCB2DF /* Pods-BasicCoffe-Coffe.release.xcconfig */ = {isa = PBXFileReference; includeInIndex = 1; lastKnownFileType = text.xcconfig; name = "Pods-BasicCoffe-Coffe.release.xcconfig"; path = "Target Support Files/Pods-BasicCoffe-Coffe/Pods-BasicCoffe-Coffe.release.xcconfig"; sourceTree = "<group>"; };
		509A176D1C7CC4752D31F37B /* libPods-BasicCoffe-Coffe.a */ = {isa = PBXFileReference; explicitFileType = archive.ar; includeInIndex = 0; path = "libPods-BasicCoffe-Coffe.a"; sourceTree = BUILT_PRODUCTS_DIR; };
		525636DCEEFB87CDFFB4F305 /* Pods-CoffeUITests.debug.xcconfig */ = {isa = PBXFileReference; includeInIndex = 1; lastKnownFileType = text.xcconfig; name = "Pods-CoffeUITests.debug.xcconfig"; path = "Target Support Files/Pods-CoffeUITests/Pods-CoffeUITests.debug.xcconfig"; sourceTree = "<group>"; };
		5532037BEA0B074A2AD4B4FF /* Pods-BasicCoffe-CoffeUITests.debug.xcconfig */ = {isa = PBXFileReference; includeInIndex = 1; lastKnownFileType = text.xcconfig; name = "Pods-BasicCoffe-CoffeUITests.debug.xcconfig"; path = "Target Support Files/Pods-BasicCoffe-CoffeUITests/Pods-BasicCoffe-CoffeUITests.debug.xcconfig"; sourceTree = "<group>"; };
		89D82F1A743B9496171BB975 /* Pods-CoffeUnitTests.debug.xcconfig */ = {isa = PBXFileReference; includeInIndex = 1; lastKnownFileType = text.xcconfig; name = "Pods-CoffeUnitTests.debug.xcconfig"; path = "Target Support Files/Pods-CoffeUnitTests/Pods-CoffeUnitTests.debug.xcconfig"; sourceTree = "<group>"; };
		9E2D9A2537171F679F34E78C /* Pods-BasicCoffe-Coffe.debug.xcconfig */ = {isa = PBXFileReference; includeInIndex = 1; lastKnownFileType = text.xcconfig; name = "Pods-BasicCoffe-Coffe.debug.xcconfig"; path = "Target Support Files/Pods-BasicCoffe-Coffe/Pods-BasicCoffe-Coffe.debug.xcconfig"; sourceTree = "<group>"; };
		A56E4F3BCAE97F04D5ED129E /* Pods-CoffeUITests.release.xcconfig */ = {isa = PBXFileReference; includeInIndex = 1; lastKnownFileType = text.xcconfig; name = "Pods-CoffeUITests.release.xcconfig"; path = "Target Support Files/Pods-CoffeUITests/Pods-CoffeUITests.release.xcconfig"; sourceTree = "<group>"; };
		B449FE2B9EA4BADEC5AA2422 /* Pods-Coffe.debug.xcconfig */ = {isa = PBXFileReference; includeInIndex = 1; lastKnownFileType = text.xcconfig; name = "Pods-Coffe.debug.xcconfig"; path = "Target Support Files/Pods-Coffe/Pods-Coffe.debug.xcconfig"; sourceTree = "<group>"; };
		B74B9169AF7BD04C294451ED /* libPods-BasicCoffe-CoffeUnitTests.a */ = {isa = PBXFileReference; explicitFileType = archive.ar; includeInIndex = 0; path = "libPods-BasicCoffe-CoffeUnitTests.a"; sourceTree = BUILT_PRODUCTS_DIR; };
		C1F5628E72A5A24A29348404 /* Pods-CoffeUnitTests.release.xcconfig */ = {isa = PBXFileReference; includeInIndex = 1; lastKnownFileType = text.xcconfig; name = "Pods-CoffeUnitTests.release.xcconfig"; path = "Target Support Files/Pods-CoffeUnitTests/Pods-CoffeUnitTests.release.xcconfig"; sourceTree = "<group>"; };
		E4D676F0D2322EB92E5961B9 /* Pods-BasicCoffe-CoffeUnitTests.debug.xcconfig */ = {isa = PBXFileReference; includeInIndex = 1; lastKnownFileType = text.xcconfig; name = "Pods-BasicCoffe-CoffeUnitTests.debug.xcconfig"; path = "Target Support Files/Pods-BasicCoffe-CoffeUnitTests/Pods-BasicCoffe-CoffeUnitTests.debug.xcconfig"; sourceTree = "<group>"; };
		E6005A1A1892C78B9681430E /* Pods-Coffe.release.xcconfig */ = {isa = PBXFileReference; includeInIndex = 1; lastKnownFileType = text.xcconfig; name = "Pods-Coffe.release.xcconfig"; path = "Target Support Files/Pods-Coffe/Pods-Coffe.release.xcconfig"; sourceTree = "<group>"; };
		E69BE84F864076B56C64D896 /* Pods-BasicCoffe-CoffeUnitTests.release.xcconfig */ = {isa = PBXFileReference; includeInIndex = 1; lastKnownFileType = text.xcconfig; name = "Pods-BasicCoffe-CoffeUnitTests.release.xcconfig"; path = "Target Support Files/Pods-BasicCoffe-CoffeUnitTests/Pods-BasicCoffe-CoffeUnitTests.release.xcconfig"; sourceTree = "<group>"; };
		EA2C2D4B79642485CCA1BF41 /* libPods-BasicCoffe-CoffeUITests.a */ = {isa = PBXFileReference; explicitFileType = archive.ar; includeInIndex = 0; path = "libPods-BasicCoffe-CoffeUITests.a"; sourceTree = BUILT_PRODUCTS_DIR; };
		FA2559CC2D8B203600F91607 /* CoffeUnitTests.xctest */ = {isa = PBXFileReference; explicitFileType = wrapper.cfbundle; includeInIndex = 0; path = CoffeUnitTests.xctest; sourceTree = BUILT_PRODUCTS_DIR; };
		FA255A772D8C47B200F91607 /* CoffeUITests.xctest */ = {isa = PBXFileReference; explicitFileType = wrapper.cfbundle; includeInIndex = 0; path = CoffeUITests.xctest; sourceTree = BUILT_PRODUCTS_DIR; };
		FAA1D1B32B8C80F400EE7364 /* Coffe.app */ = {isa = PBXFileReference; explicitFileType = wrapper.application; includeInIndex = 0; path = Coffe.app; sourceTree = BUILT_PRODUCTS_DIR; };
/* End PBXFileReference section */

/* Begin PBXFileSystemSynchronizedBuildFileExceptionSet section */
		FA5DB79D2D5F98C50064C4C4 /* Exceptions for "Coffe" folder in "Coffe" target */ = {
			isa = PBXFileSystemSynchronizedBuildFileExceptionSet;
			membershipExceptions = (
				App/AppTabView.swift,
				App/Coordinator/AppCoordinator.swift,
				App/Coordinator/CoordinatorView.swift,
				App/GlobalStates/AppState.swift,
				App/GlobalStates/IsDarkMode.swift,
				Assets.xcassets,
				CoffeApp.swift,
				Components/Alert/AnyAppAlert.swift,
				Components/DrinkRow.swift,
				Components/RemoteImageView.swift,
				Core/Models/AppError.swift,
				Core/Models/Basket.swift,
				Core/Models/Drink.swift,
				Core/Models/DummyData.swift,
				Core/Models/Order.swift,
				Core/Models/UserModel.swift,
				Core/Utilites/DependencyContainer.swift,
				Core/Utilites/SecureStorage.swift,
				Core/Utilites/UserRepository.swift,
				DrinkDetailView.swift,
				Features/Account/AccountView.swift,
				Features/Account/AccountViewModel.swift,
				Features/AppTab/AppTabBarController.swift,
				Features/Basket/BasketView.swift,
				Features/Basket/BasketViewModel.swift,
				Features/DrinkList/DrinkListView.swift,
				Features/DrinkList/DrinkListViewController.swift,
				Features/DrinkList/DrinkListViewModel.swift,
				Features/Login/LoginSheetView.swift,
				Features/Login/LoginViewModel.swift,
				Features/LoginMethodSelection/LoginMethodSelectionView.swift,
				Features/LoginMethodSelection/LoginMethodSelectionViewModel.swift,
				Features/Registration/RegistrationView.swift,
				Features/Registration/RegistrationViewModel.swift,
				"GoogleService-Info.plist",
				"Preview Content/Preview Assets.xcassets",
				Services/Firebase/Authentication/FirebaseAuthServiceAdapter.swift,
				Services/Firebase/Authentication/FirebaseAuthUserAdapter.swift,
				Services/Firebase/Authentication/GoogleSignInHelper.swift,
				Services/Firebase/Authentication/Models/AuthDataResultModel.swift,
				Services/Firebase/Networking/FColletionReference.swift,
				Services/Firebase/Networking/FirebaseRepository.swift,
				Services/Managers/AuthenticationManager.swift,
				swiftlint_yaml.txt,
				UserInfoView.swift,
			);
			target = FAA1D1B22B8C80F400EE7364 /* Coffe */;
		};
/* End PBXFileSystemSynchronizedBuildFileExceptionSet section */

/* Begin PBXFileSystemSynchronizedRootGroup section */
		FA2559CD2D8B203600F91607 /* CoffeUnitTests */ = {
			isa = PBXFileSystemSynchronizedRootGroup;
			path = CoffeUnitTests;
			sourceTree = "<group>";
		};
		FA255A782D8C47B200F91607 /* CoffeUITests */ = {
			isa = PBXFileSystemSynchronizedRootGroup;
			path = CoffeUITests;
			sourceTree = "<group>";
		};
		FA5DB7992D5F987A0064C4C4 /* Coffe */ = {
			isa = PBXFileSystemSynchronizedRootGroup;
			exceptions = (
				FA5DB79D2D5F98C50064C4C4 /* Exceptions for "Coffe" folder in "Coffe" target */,
			);
			path = Coffe;
			sourceTree = "<group>";
		};
/* End PBXFileSystemSynchronizedRootGroup section */

/* Begin PBXFrameworksBuildPhase section */
		FA2559C92D8B203600F91607 /* Frameworks */ = {
			isa = PBXFrameworksBuildPhase;
			buildActionMask = 2147483647;
			files = (
				CB6F3EC55EB8942E6AFBEB91 /* libPods-BasicCoffe-CoffeUnitTests.a in Frameworks */,
			);
			runOnlyForDeploymentPostprocessing = 0;
		};
		FA255A742D8C47B200F91607 /* Frameworks */ = {
			isa = PBXFrameworksBuildPhase;
			buildActionMask = 2147483647;
			files = (
				E7716EA01ACF5587EF0FC8F7 /* libPods-BasicCoffe-CoffeUITests.a in Frameworks */,
			);
			runOnlyForDeploymentPostprocessing = 0;
		};
		FAA1D1B02B8C80F400EE7364 /* Frameworks */ = {
			isa = PBXFrameworksBuildPhase;
			buildActionMask = 2147483647;
			files = (
				FA3317722B9DC5E900248936 /* GoogleSignIn in Frameworks */,
				FA1E15B12BA203820013E0CF /* FirebaseAuth in Frameworks */,
				FADA61F32B9C680400FDD9AF /* Kingfisher in Frameworks */,
				FA1E15B52BA203820013E0CF /* FirebaseFirestoreSwift in Frameworks */,
				305664752D8DF9A6009AE35A /* SuperExtensions in Frameworks */,
				FAA1D20D2B8E02D800EE7364 /* KeychainAccess in Frameworks */,
				FA3317742B9DC5E900248936 /* GoogleSignInSwift in Frameworks */,
				FA1E15B32BA203820013E0CF /* FirebaseFirestore in Frameworks */,
				FAFF034A2D4B773200BCA8CE /* Swinject in Frameworks */,
				3BBC1771F3C5B2FE898619A5 /* libPods-BasicCoffe-Coffe.a in Frameworks */,
			);
			runOnlyForDeploymentPostprocessing = 0;
		};
/* End PBXFrameworksBuildPhase section */

/* Begin PBXGroup section */
		1682CA56EDA748912992A891 /* Pods */ = {
			isa = PBXGroup;
			children = (
				B449FE2B9EA4BADEC5AA2422 /* Pods-Coffe.debug.xcconfig */,
				E6005A1A1892C78B9681430E /* Pods-Coffe.release.xcconfig */,
				43E9C6C1AAAE9547C2D5CE3A /* Pods-Coffe-CoffeUITests.debug.xcconfig */,
				32744429DD9450A51EEE3E99 /* Pods-Coffe-CoffeUITests.release.xcconfig */,
				525636DCEEFB87CDFFB4F305 /* Pods-CoffeUITests.debug.xcconfig */,
				A56E4F3BCAE97F04D5ED129E /* Pods-CoffeUITests.release.xcconfig */,
				89D82F1A743B9496171BB975 /* Pods-CoffeUnitTests.debug.xcconfig */,
				C1F5628E72A5A24A29348404 /* Pods-CoffeUnitTests.release.xcconfig */,
				9E2D9A2537171F679F34E78C /* Pods-BasicCoffe-Coffe.debug.xcconfig */,
				4428C7CFB57095EA57FCB2DF /* Pods-BasicCoffe-Coffe.release.xcconfig */,
				5532037BEA0B074A2AD4B4FF /* Pods-BasicCoffe-CoffeUITests.debug.xcconfig */,
				0F6F36C7D7419B75BB671AD4 /* Pods-BasicCoffe-CoffeUITests.release.xcconfig */,
				E4D676F0D2322EB92E5961B9 /* Pods-BasicCoffe-CoffeUnitTests.debug.xcconfig */,
				E69BE84F864076B56C64D896 /* Pods-BasicCoffe-CoffeUnitTests.release.xcconfig */,
			);
			path = Pods;
			sourceTree = "<group>";
		};
		A9B8B21B9F402B7C0C672893 /* Frameworks */ = {
			isa = PBXGroup;
			children = (
				509A176D1C7CC4752D31F37B /* libPods-BasicCoffe-Coffe.a */,
				EA2C2D4B79642485CCA1BF41 /* libPods-BasicCoffe-CoffeUITests.a */,
				B74B9169AF7BD04C294451ED /* libPods-BasicCoffe-CoffeUnitTests.a */,
			);
			name = Frameworks;
			sourceTree = "<group>";
		};
		FAA1D1AA2B8C80F400EE7364 = {
			isa = PBXGroup;
			children = (
				FA5DB7992D5F987A0064C4C4 /* Coffe */,
				FA2559CD2D8B203600F91607 /* CoffeUnitTests */,
				FA255A782D8C47B200F91607 /* CoffeUITests */,
				FAA1D1B42B8C80F400EE7364 /* Products */,
				1682CA56EDA748912992A891 /* Pods */,
				A9B8B21B9F402B7C0C672893 /* Frameworks */,
			);
			sourceTree = "<group>";
		};
		FAA1D1B42B8C80F400EE7364 /* Products */ = {
			isa = PBXGroup;
			children = (
				FAA1D1B32B8C80F400EE7364 /* Coffe.app */,
				FA2559CC2D8B203600F91607 /* CoffeUnitTests.xctest */,
				FA255A772D8C47B200F91607 /* CoffeUITests.xctest */,
			);
			name = Products;
			sourceTree = "<group>";
		};
/* End PBXGroup section */

/* Begin PBXNativeTarget section */
		FA2559CB2D8B203600F91607 /* CoffeUnitTests */ = {
			isa = PBXNativeTarget;
			buildConfigurationList = FA2559D42D8B203600F91607 /* Build configuration list for PBXNativeTarget "CoffeUnitTests" */;
			buildPhases = (
				E10A20EE24CB2D7B3EE637AA /* [CP] Check Pods Manifest.lock */,
				FA2559C82D8B203600F91607 /* Sources */,
				FA2559C92D8B203600F91607 /* Frameworks */,
				FA2559CA2D8B203600F91607 /* Resources */,
				42BA5E1DA3F1EB844F1916B2 /* [CP] Copy Pods Resources */,
			);
			buildRules = (
			);
			dependencies = (
				FA2559D12D8B203600F91607 /* PBXTargetDependency */,
			);
			fileSystemSynchronizedGroups = (
				FA2559CD2D8B203600F91607 /* CoffeUnitTests */,
			);
			name = CoffeUnitTests;
			productName = CoffeUnitTests;
			productReference = FA2559CC2D8B203600F91607 /* CoffeUnitTests.xctest */;
			productType = "com.apple.product-type.bundle.unit-test";
		};
		FA255A762D8C47B200F91607 /* CoffeUITests */ = {
			isa = PBXNativeTarget;
			buildConfigurationList = FA255A7F2D8C47B200F91607 /* Build configuration list for PBXNativeTarget "CoffeUITests" */;
			buildPhases = (
				0F5E8C39A2B008F6F7E3D65E /* [CP] Check Pods Manifest.lock */,
				FA255A732D8C47B200F91607 /* Sources */,
				FA255A742D8C47B200F91607 /* Frameworks */,
				FA255A752D8C47B200F91607 /* Resources */,
				DB321694E5F6EDFF5052C21E /* [CP] Copy Pods Resources */,
			);
			buildRules = (
			);
			dependencies = (
				FA255A7E2D8C47B200F91607 /* PBXTargetDependency */,
			);
			fileSystemSynchronizedGroups = (
				FA255A782D8C47B200F91607 /* CoffeUITests */,
			);
			name = CoffeUITests;
			productName = CoffeUITests;
			productReference = FA255A772D8C47B200F91607 /* CoffeUITests.xctest */;
			productType = "com.apple.product-type.bundle.ui-testing";
		};
		FAA1D1B22B8C80F400EE7364 /* Coffe */ = {
			isa = PBXNativeTarget;
			buildConfigurationList = FAA1D1D72B8C80F600EE7364 /* Build configuration list for PBXNativeTarget "Coffe" */;
			buildPhases = (
				D5C64EE5B9192B97DEF7F9B3 /* [CP] Check Pods Manifest.lock */,
				FAA1D1AF2B8C80F400EE7364 /* Sources */,
				FAA1D1B02B8C80F400EE7364 /* Frameworks */,
				FAA1D1B12B8C80F400EE7364 /* Resources */,
				FAE31C5C2D64EB940016FCEA /* swiftlint */,
				C7B01B7CD024E1F6B2C9EAE4 /* [CP] Copy Pods Resources */,
			);
			buildRules = (
			);
			dependencies = (
			);
			name = Coffe;
			packageProductDependencies = (
				FAA1D20C2B8E02D800EE7364 /* KeychainAccess */,
				FADA61F22B9C680400FDD9AF /* Kingfisher */,
				FA3317712B9DC5E900248936 /* GoogleSignIn */,
				FA3317732B9DC5E900248936 /* GoogleSignInSwift */,
				FA1E15B02BA203820013E0CF /* FirebaseAuth */,
				FA1E15B22BA203820013E0CF /* FirebaseFirestore */,
				FA1E15B42BA203820013E0CF /* FirebaseFirestoreSwift */,
				FAFF03492D4B773200BCA8CE /* Swinject */,
				305664742D8DF9A6009AE35A /* SuperExtensions */,
			);
			productName = Coffe;
			productReference = FAA1D1B32B8C80F400EE7364 /* Coffe.app */;
			productType = "com.apple.product-type.application";
		};
/* End PBXNativeTarget section */

/* Begin PBXProject section */
		FAA1D1AB2B8C80F400EE7364 /* Project object */ = {
			isa = PBXProject;
			attributes = {
				BuildIndependentTargetsInParallel = 1;
				LastSwiftUpdateCheck = 1620;
				LastUpgradeCheck = 1620;
				TargetAttributes = {
					FA2559CB2D8B203600F91607 = {
						CreatedOnToolsVersion = 16.2;
						TestTargetID = FAA1D1B22B8C80F400EE7364;
					};
					FA255A762D8C47B200F91607 = {
						CreatedOnToolsVersion = 16.2;
						TestTargetID = FAA1D1B22B8C80F400EE7364;
					};
					FAA1D1B22B8C80F400EE7364 = {
						CreatedOnToolsVersion = 15.2;
					};
				};
			};
			buildConfigurationList = FAA1D1AE2B8C80F400EE7364 /* Build configuration list for PBXProject "Coffe" */;
			developmentRegion = en;
			hasScannedForEncodings = 0;
			knownRegions = (
				en,
				Base,
			);
			mainGroup = FAA1D1AA2B8C80F400EE7364;
			packageReferences = (
				FAA1D20B2B8E02D800EE7364 /* XCRemoteSwiftPackageReference "KeychainAccess" */,
				FADA61F12B9C680400FDD9AF /* XCRemoteSwiftPackageReference "Kingfisher" */,
				FA3317702B9DC5E900248936 /* XCRemoteSwiftPackageReference "GoogleSignIn-iOS" */,
				FA1E15AF2BA203820013E0CF /* XCRemoteSwiftPackageReference "firebase-ios-sdk" */,
				FAFF03482D4B773200BCA8CE /* XCRemoteSwiftPackageReference "Swinject" */,
				305664732D8DF9A6009AE35A /* XCLocalSwiftPackageReference "SuperExtensions" */,
			);
			preferredProjectObjectVersion = 77;
			productRefGroup = FAA1D1B42B8C80F400EE7364 /* Products */;
			projectDirPath = "";
			projectRoot = "";
			targets = (
				FAA1D1B22B8C80F400EE7364 /* Coffe */,
				FA2559CB2D8B203600F91607 /* CoffeUnitTests */,
				FA255A762D8C47B200F91607 /* CoffeUITests */,
			);
		};
/* End PBXProject section */

/* Begin PBXResourcesBuildPhase section */
		FA2559CA2D8B203600F91607 /* Resources */ = {
			isa = PBXResourcesBuildPhase;
			buildActionMask = 2147483647;
			files = (
			);
			runOnlyForDeploymentPostprocessing = 0;
		};
		FA255A752D8C47B200F91607 /* Resources */ = {
			isa = PBXResourcesBuildPhase;
			buildActionMask = 2147483647;
			files = (
			);
			runOnlyForDeploymentPostprocessing = 0;
		};
		FAA1D1B12B8C80F400EE7364 /* Resources */ = {
			isa = PBXResourcesBuildPhase;
			buildActionMask = 2147483647;
			files = (
			);
			runOnlyForDeploymentPostprocessing = 0;
		};
/* End PBXResourcesBuildPhase section */

/* Begin PBXShellScriptBuildPhase section */
		0F5E8C39A2B008F6F7E3D65E /* [CP] Check Pods Manifest.lock */ = {
			isa = PBXShellScriptBuildPhase;
			buildActionMask = 2147483647;
			files = (
			);
			inputFileListPaths = (
			);
			inputPaths = (
				"${PODS_PODFILE_DIR_PATH}/Podfile.lock",
				"${PODS_ROOT}/Manifest.lock",
			);
			name = "[CP] Check Pods Manifest.lock";
			outputFileListPaths = (
			);
			outputPaths = (
				"$(DERIVED_FILE_DIR)/Pods-BasicCoffe-CoffeUITests-checkManifestLockResult.txt",
			);
			runOnlyForDeploymentPostprocessing = 0;
			shellPath = /bin/sh;
			shellScript = "diff \"${PODS_PODFILE_DIR_PATH}/Podfile.lock\" \"${PODS_ROOT}/Manifest.lock\" > /dev/null\nif [ $? != 0 ] ; then\n    # print error to STDERR\n    echo \"error: The sandbox is not in sync with the Podfile.lock. Run 'pod install' or update your CocoaPods installation.\" >&2\n    exit 1\nfi\n# This output is used by Xcode 'outputs' to avoid re-running this script phase.\necho \"SUCCESS\" > \"${SCRIPT_OUTPUT_FILE_0}\"\n";
			showEnvVarsInLog = 0;
		};
		42BA5E1DA3F1EB844F1916B2 /* [CP] Copy Pods Resources */ = {
			isa = PBXShellScriptBuildPhase;
			buildActionMask = 2147483647;
			files = (
			);
			inputFileListPaths = (
				"${PODS_ROOT}/Target Support Files/Pods-BasicCoffe-CoffeUnitTests/Pods-BasicCoffe-CoffeUnitTests-resources-${CONFIGURATION}-input-files.xcfilelist",
			);
			inputPaths = (
			);
			name = "[CP] Copy Pods Resources";
			outputFileListPaths = (
				"${PODS_ROOT}/Target Support Files/Pods-BasicCoffe-CoffeUnitTests/Pods-BasicCoffe-CoffeUnitTests-resources-${CONFIGURATION}-output-files.xcfilelist",
			);
			outputPaths = (
			);
			runOnlyForDeploymentPostprocessing = 0;
			shellPath = /bin/sh;
			shellScript = "\"${PODS_ROOT}/Target Support Files/Pods-BasicCoffe-CoffeUnitTests/Pods-BasicCoffe-CoffeUnitTests-resources.sh\"\n";
			showEnvVarsInLog = 0;
		};
		C7B01B7CD024E1F6B2C9EAE4 /* [CP] Copy Pods Resources */ = {
			isa = PBXShellScriptBuildPhase;
			buildActionMask = 2147483647;
			files = (
			);
			inputFileListPaths = (
				"${PODS_ROOT}/Target Support Files/Pods-BasicCoffe-Coffe/Pods-BasicCoffe-Coffe-resources-${CONFIGURATION}-input-files.xcfilelist",
			);
			inputPaths = (
			);
			name = "[CP] Copy Pods Resources";
			outputFileListPaths = (
				"${PODS_ROOT}/Target Support Files/Pods-BasicCoffe-Coffe/Pods-BasicCoffe-Coffe-resources-${CONFIGURATION}-output-files.xcfilelist",
			);
			outputPaths = (
			);
			runOnlyForDeploymentPostprocessing = 0;
			shellPath = /bin/sh;
			shellScript = "\"${PODS_ROOT}/Target Support Files/Pods-BasicCoffe-Coffe/Pods-BasicCoffe-Coffe-resources.sh\"\n";
			showEnvVarsInLog = 0;
		};
		D5C64EE5B9192B97DEF7F9B3 /* [CP] Check Pods Manifest.lock */ = {
			isa = PBXShellScriptBuildPhase;
			buildActionMask = 2147483647;
			files = (
			);
			inputFileListPaths = (
			);
			inputPaths = (
				"${PODS_PODFILE_DIR_PATH}/Podfile.lock",
				"${PODS_ROOT}/Manifest.lock",
			);
			name = "[CP] Check Pods Manifest.lock";
			outputFileListPaths = (
			);
			outputPaths = (
				"$(DERIVED_FILE_DIR)/Pods-BasicCoffe-Coffe-checkManifestLockResult.txt",
			);
			runOnlyForDeploymentPostprocessing = 0;
			shellPath = /bin/sh;
			shellScript = "diff \"${PODS_PODFILE_DIR_PATH}/Podfile.lock\" \"${PODS_ROOT}/Manifest.lock\" > /dev/null\nif [ $? != 0 ] ; then\n    # print error to STDERR\n    echo \"error: The sandbox is not in sync with the Podfile.lock. Run 'pod install' or update your CocoaPods installation.\" >&2\n    exit 1\nfi\n# This output is used by Xcode 'outputs' to avoid re-running this script phase.\necho \"SUCCESS\" > \"${SCRIPT_OUTPUT_FILE_0}\"\n";
			showEnvVarsInLog = 0;
		};
		DB321694E5F6EDFF5052C21E /* [CP] Copy Pods Resources */ = {
			isa = PBXShellScriptBuildPhase;
			buildActionMask = 2147483647;
			files = (
			);
			inputFileListPaths = (
				"${PODS_ROOT}/Target Support Files/Pods-BasicCoffe-CoffeUITests/Pods-BasicCoffe-CoffeUITests-resources-${CONFIGURATION}-input-files.xcfilelist",
			);
			inputPaths = (
			);
			name = "[CP] Copy Pods Resources";
			outputFileListPaths = (
				"${PODS_ROOT}/Target Support Files/Pods-BasicCoffe-CoffeUITests/Pods-BasicCoffe-CoffeUITests-resources-${CONFIGURATION}-output-files.xcfilelist",
			);
			outputPaths = (
			);
			runOnlyForDeploymentPostprocessing = 0;
			shellPath = /bin/sh;
			shellScript = "\"${PODS_ROOT}/Target Support Files/Pods-BasicCoffe-CoffeUITests/Pods-BasicCoffe-CoffeUITests-resources.sh\"\n";
			showEnvVarsInLog = 0;
		};
		E10A20EE24CB2D7B3EE637AA /* [CP] Check Pods Manifest.lock */ = {
			isa = PBXShellScriptBuildPhase;
			buildActionMask = 2147483647;
			files = (
			);
			inputFileListPaths = (
			);
			inputPaths = (
				"${PODS_PODFILE_DIR_PATH}/Podfile.lock",
				"${PODS_ROOT}/Manifest.lock",
			);
			name = "[CP] Check Pods Manifest.lock";
			outputFileListPaths = (
			);
			outputPaths = (
				"$(DERIVED_FILE_DIR)/Pods-BasicCoffe-CoffeUnitTests-checkManifestLockResult.txt",
			);
			runOnlyForDeploymentPostprocessing = 0;
			shellPath = /bin/sh;
			shellScript = "diff \"${PODS_PODFILE_DIR_PATH}/Podfile.lock\" \"${PODS_ROOT}/Manifest.lock\" > /dev/null\nif [ $? != 0 ] ; then\n    # print error to STDERR\n    echo \"error: The sandbox is not in sync with the Podfile.lock. Run 'pod install' or update your CocoaPods installation.\" >&2\n    exit 1\nfi\n# This output is used by Xcode 'outputs' to avoid re-running this script phase.\necho \"SUCCESS\" > \"${SCRIPT_OUTPUT_FILE_0}\"\n";
			showEnvVarsInLog = 0;
		};
		FAE31C5C2D64EB940016FCEA /* swiftlint */ = {
			isa = PBXShellScriptBuildPhase;
			alwaysOutOfDate = 1;
			buildActionMask = 2147483647;
			files = (
			);
			inputFileListPaths = (
			);
			inputPaths = (
			);
			name = swiftlint;
			outputFileListPaths = (
			);
			outputPaths = (
			);
			runOnlyForDeploymentPostprocessing = 0;
			shellPath = /bin/sh;
			shellScript = "mint run swiftlint\n";
			showEnvVarsInLog = 0;
		};
/* End PBXShellScriptBuildPhase section */

/* Begin PBXSourcesBuildPhase section */
		FA2559C82D8B203600F91607 /* Sources */ = {
			isa = PBXSourcesBuildPhase;
			buildActionMask = 2147483647;
			files = (
			);
			runOnlyForDeploymentPostprocessing = 0;
		};
		FA255A732D8C47B200F91607 /* Sources */ = {
			isa = PBXSourcesBuildPhase;
			buildActionMask = 2147483647;
			files = (
			);
			runOnlyForDeploymentPostprocessing = 0;
		};
		FAA1D1AF2B8C80F400EE7364 /* Sources */ = {
			isa = PBXSourcesBuildPhase;
			buildActionMask = 2147483647;
			files = (
			);
			runOnlyForDeploymentPostprocessing = 0;
		};
/* End PBXSourcesBuildPhase section */

/* Begin PBXTargetDependency section */
		FA2559D12D8B203600F91607 /* PBXTargetDependency */ = {
			isa = PBXTargetDependency;
			target = FAA1D1B22B8C80F400EE7364 /* Coffe */;
			targetProxy = FA2559D02D8B203600F91607 /* PBXContainerItemProxy */;
		};
		FA255A7E2D8C47B200F91607 /* PBXTargetDependency */ = {
			isa = PBXTargetDependency;
			target = FAA1D1B22B8C80F400EE7364 /* Coffe */;
			targetProxy = FA255A7D2D8C47B200F91607 /* PBXContainerItemProxy */;
		};
/* End PBXTargetDependency section */

/* Begin XCBuildConfiguration section */
		FA2559D22D8B203600F91607 /* Debug */ = {
			isa = XCBuildConfiguration;
			baseConfigurationReference = E4D676F0D2322EB92E5961B9 /* Pods-BasicCoffe-CoffeUnitTests.debug.xcconfig */;
			buildSettings = {
				BUNDLE_LOADER = "$(TEST_HOST)";
				CODE_SIGN_STYLE = Automatic;
				CURRENT_PROJECT_VERSION = 1;
				DEVELOPMENT_TEAM = 57FHRQVBLR;
				ENABLE_USER_SCRIPT_SANDBOXING = NO;
				GENERATE_INFOPLIST_FILE = YES;
				IPHONEOS_DEPLOYMENT_TARGET = 17.6;
				MARKETING_VERSION = 1.0;
				PRODUCT_BUNDLE_IDENTIFIER = com.lukyskrivos.CoffeUnitTests;
				PRODUCT_NAME = "$(TARGET_NAME)";
				SWIFT_EMIT_LOC_STRINGS = NO;
				SWIFT_VERSION = 5.0;
				TARGETED_DEVICE_FAMILY = "1,2";
				TEST_HOST = "$(BUILT_PRODUCTS_DIR)/Coffe.app/$(BUNDLE_EXECUTABLE_FOLDER_PATH)/Coffe";
			};
			name = Debug;
		};
		FA2559D32D8B203600F91607 /* Release */ = {
			isa = XCBuildConfiguration;
			baseConfigurationReference = E69BE84F864076B56C64D896 /* Pods-BasicCoffe-CoffeUnitTests.release.xcconfig */;
			buildSettings = {
				BUNDLE_LOADER = "$(TEST_HOST)";
				CODE_SIGN_STYLE = Automatic;
				CURRENT_PROJECT_VERSION = 1;
				DEVELOPMENT_TEAM = 57FHRQVBLR;
				ENABLE_USER_SCRIPT_SANDBOXING = NO;
				GENERATE_INFOPLIST_FILE = YES;
				IPHONEOS_DEPLOYMENT_TARGET = 17.6;
				MARKETING_VERSION = 1.0;
				PRODUCT_BUNDLE_IDENTIFIER = com.lukyskrivos.CoffeUnitTests;
				PRODUCT_NAME = "$(TARGET_NAME)";
				SWIFT_EMIT_LOC_STRINGS = NO;
				SWIFT_VERSION = 5.0;
				TARGETED_DEVICE_FAMILY = "1,2";
				TEST_HOST = "$(BUILT_PRODUCTS_DIR)/Coffe.app/$(BUNDLE_EXECUTABLE_FOLDER_PATH)/Coffe";
			};
			name = Release;
		};
		FA255A802D8C47B200F91607 /* Debug */ = {
			isa = XCBuildConfiguration;
			baseConfigurationReference = 5532037BEA0B074A2AD4B4FF /* Pods-BasicCoffe-CoffeUITests.debug.xcconfig */;
			buildSettings = {
				CODE_SIGN_STYLE = Automatic;
				CURRENT_PROJECT_VERSION = 1;
				DEVELOPMENT_TEAM = 57FHRQVBLR;
				ENABLE_USER_SCRIPT_SANDBOXING = NO;
				GENERATE_INFOPLIST_FILE = YES;
				IPHONEOS_DEPLOYMENT_TARGET = 17.6;
				MARKETING_VERSION = 1.0;
				PRODUCT_BUNDLE_IDENTIFIER = com.lukyskrivos.CoffeUITests;
				PRODUCT_NAME = "$(TARGET_NAME)";
				SWIFT_EMIT_LOC_STRINGS = NO;
				SWIFT_VERSION = 5.0;
				TARGETED_DEVICE_FAMILY = "1,2";
				TEST_TARGET_NAME = Coffe;
			};
			name = Debug;
		};
		FA255A812D8C47B200F91607 /* Release */ = {
			isa = XCBuildConfiguration;
			baseConfigurationReference = 0F6F36C7D7419B75BB671AD4 /* Pods-BasicCoffe-CoffeUITests.release.xcconfig */;
			buildSettings = {
				CODE_SIGN_STYLE = Automatic;
				CURRENT_PROJECT_VERSION = 1;
				DEVELOPMENT_TEAM = 57FHRQVBLR;
				ENABLE_USER_SCRIPT_SANDBOXING = NO;
				GENERATE_INFOPLIST_FILE = YES;
				IPHONEOS_DEPLOYMENT_TARGET = 17.6;
				MARKETING_VERSION = 1.0;
				PRODUCT_BUNDLE_IDENTIFIER = com.lukyskrivos.CoffeUITests;
				PRODUCT_NAME = "$(TARGET_NAME)";
				SWIFT_EMIT_LOC_STRINGS = NO;
				SWIFT_VERSION = 5.0;
				TARGETED_DEVICE_FAMILY = "1,2";
				TEST_TARGET_NAME = Coffe;
			};
			name = Release;
		};
		FAA1D1D52B8C80F600EE7364 /* Debug */ = {
			isa = XCBuildConfiguration;
			buildSettings = {
				ALWAYS_SEARCH_USER_PATHS = NO;
				ASSETCATALOG_COMPILER_GENERATE_SWIFT_ASSET_SYMBOL_EXTENSIONS = YES;
				CLANG_ANALYZER_NONNULL = YES;
				CLANG_ANALYZER_NUMBER_OBJECT_CONVERSION = YES_AGGRESSIVE;
				CLANG_CXX_LANGUAGE_STANDARD = "gnu++20";
				CLANG_ENABLE_MODULES = YES;
				CLANG_ENABLE_OBJC_ARC = YES;
				CLANG_ENABLE_OBJC_WEAK = YES;
				CLANG_WARN_BLOCK_CAPTURE_AUTORELEASING = YES;
				CLANG_WARN_BOOL_CONVERSION = YES;
				CLANG_WARN_COMMA = YES;
				CLANG_WARN_CONSTANT_CONVERSION = YES;
				CLANG_WARN_DEPRECATED_OBJC_IMPLEMENTATIONS = YES;
				CLANG_WARN_DIRECT_OBJC_ISA_USAGE = YES_ERROR;
				CLANG_WARN_DOCUMENTATION_COMMENTS = YES;
				CLANG_WARN_EMPTY_BODY = YES;
				CLANG_WARN_ENUM_CONVERSION = YES;
				CLANG_WARN_INFINITE_RECURSION = YES;
				CLANG_WARN_INT_CONVERSION = YES;
				CLANG_WARN_NON_LITERAL_NULL_CONVERSION = YES;
				CLANG_WARN_OBJC_IMPLICIT_RETAIN_SELF = YES;
				CLANG_WARN_OBJC_LITERAL_CONVERSION = YES;
				CLANG_WARN_OBJC_ROOT_CLASS = YES_ERROR;
				CLANG_WARN_QUOTED_INCLUDE_IN_FRAMEWORK_HEADER = YES;
				CLANG_WARN_RANGE_LOOP_ANALYSIS = YES;
				CLANG_WARN_STRICT_PROTOTYPES = YES;
				CLANG_WARN_SUSPICIOUS_MOVE = YES;
				CLANG_WARN_UNGUARDED_AVAILABILITY = YES_AGGRESSIVE;
				CLANG_WARN_UNREACHABLE_CODE = YES;
				CLANG_WARN__DUPLICATE_METHOD_MATCH = YES;
				COPY_PHASE_STRIP = NO;
				DEBUG_INFORMATION_FORMAT = dwarf;
				ENABLE_STRICT_OBJC_MSGSEND = YES;
				ENABLE_TESTABILITY = YES;
				ENABLE_USER_SCRIPT_SANDBOXING = NO;
				GCC_C_LANGUAGE_STANDARD = gnu17;
				GCC_DYNAMIC_NO_PIC = NO;
				GCC_NO_COMMON_BLOCKS = YES;
				GCC_OPTIMIZATION_LEVEL = 0;
				GCC_PREPROCESSOR_DEFINITIONS = (
					"DEBUG=1",
					"$(inherited)",
				);
				GCC_WARN_64_TO_32_BIT_CONVERSION = YES;
				GCC_WARN_ABOUT_RETURN_TYPE = YES_ERROR;
				GCC_WARN_UNDECLARED_SELECTOR = YES;
				GCC_WARN_UNINITIALIZED_AUTOS = YES_AGGRESSIVE;
				GCC_WARN_UNUSED_FUNCTION = YES;
				GCC_WARN_UNUSED_VARIABLE = YES;
				IPHONEOS_DEPLOYMENT_TARGET = 17.2;
				LOCALIZATION_PREFERS_STRING_CATALOGS = YES;
				MTL_ENABLE_DEBUG_INFO = INCLUDE_SOURCE;
				MTL_FAST_MATH = YES;
				ONLY_ACTIVE_ARCH = YES;
				SDKROOT = iphoneos;
				SWIFT_ACTIVE_COMPILATION_CONDITIONS = "DEBUG $(inherited)";
				SWIFT_OPTIMIZATION_LEVEL = "-Onone";
			};
			name = Debug;
		};
		FAA1D1D62B8C80F600EE7364 /* Release */ = {
			isa = XCBuildConfiguration;
			buildSettings = {
				ALWAYS_SEARCH_USER_PATHS = NO;
				ASSETCATALOG_COMPILER_GENERATE_SWIFT_ASSET_SYMBOL_EXTENSIONS = YES;
				CLANG_ANALYZER_NONNULL = YES;
				CLANG_ANALYZER_NUMBER_OBJECT_CONVERSION = YES_AGGRESSIVE;
				CLANG_CXX_LANGUAGE_STANDARD = "gnu++20";
				CLANG_ENABLE_MODULES = YES;
				CLANG_ENABLE_OBJC_ARC = YES;
				CLANG_ENABLE_OBJC_WEAK = YES;
				CLANG_WARN_BLOCK_CAPTURE_AUTORELEASING = YES;
				CLANG_WARN_BOOL_CONVERSION = YES;
				CLANG_WARN_COMMA = YES;
				CLANG_WARN_CONSTANT_CONVERSION = YES;
				CLANG_WARN_DEPRECATED_OBJC_IMPLEMENTATIONS = YES;
				CLANG_WARN_DIRECT_OBJC_ISA_USAGE = YES_ERROR;
				CLANG_WARN_DOCUMENTATION_COMMENTS = YES;
				CLANG_WARN_EMPTY_BODY = YES;
				CLANG_WARN_ENUM_CONVERSION = YES;
				CLANG_WARN_INFINITE_RECURSION = YES;
				CLANG_WARN_INT_CONVERSION = YES;
				CLANG_WARN_NON_LITERAL_NULL_CONVERSION = YES;
				CLANG_WARN_OBJC_IMPLICIT_RETAIN_SELF = YES;
				CLANG_WARN_OBJC_LITERAL_CONVERSION = YES;
				CLANG_WARN_OBJC_ROOT_CLASS = YES_ERROR;
				CLANG_WARN_QUOTED_INCLUDE_IN_FRAMEWORK_HEADER = YES;
				CLANG_WARN_RANGE_LOOP_ANALYSIS = YES;
				CLANG_WARN_STRICT_PROTOTYPES = YES;
				CLANG_WARN_SUSPICIOUS_MOVE = YES;
				CLANG_WARN_UNGUARDED_AVAILABILITY = YES_AGGRESSIVE;
				CLANG_WARN_UNREACHABLE_CODE = YES;
				CLANG_WARN__DUPLICATE_METHOD_MATCH = YES;
				COPY_PHASE_STRIP = NO;
				DEBUG_INFORMATION_FORMAT = "dwarf-with-dsym";
				ENABLE_NS_ASSERTIONS = NO;
				ENABLE_STRICT_OBJC_MSGSEND = YES;
				ENABLE_USER_SCRIPT_SANDBOXING = NO;
				GCC_C_LANGUAGE_STANDARD = gnu17;
				GCC_NO_COMMON_BLOCKS = YES;
				GCC_WARN_64_TO_32_BIT_CONVERSION = YES;
				GCC_WARN_ABOUT_RETURN_TYPE = YES_ERROR;
				GCC_WARN_UNDECLARED_SELECTOR = YES;
				GCC_WARN_UNINITIALIZED_AUTOS = YES_AGGRESSIVE;
				GCC_WARN_UNUSED_FUNCTION = YES;
				GCC_WARN_UNUSED_VARIABLE = YES;
				IPHONEOS_DEPLOYMENT_TARGET = 17.2;
				LOCALIZATION_PREFERS_STRING_CATALOGS = YES;
				MTL_ENABLE_DEBUG_INFO = NO;
				MTL_FAST_MATH = YES;
				SDKROOT = iphoneos;
				SWIFT_COMPILATION_MODE = wholemodule;
				VALIDATE_PRODUCT = YES;
			};
			name = Release;
		};
		FAA1D1D82B8C80F600EE7364 /* Debug */ = {
			isa = XCBuildConfiguration;
			baseConfigurationReference = 9E2D9A2537171F679F34E78C /* Pods-BasicCoffe-Coffe.debug.xcconfig */;
			buildSettings = {
				ASSETCATALOG_COMPILER_APPICON_NAME = AppIcon;
				ASSETCATALOG_COMPILER_GLOBAL_ACCENT_COLOR_NAME = AccentColor;
				CODE_SIGN_STYLE = Automatic;
				CURRENT_PROJECT_VERSION = 1;
				DEVELOPMENT_ASSET_PATHS = "\"Coffe/Preview Content\"";
				DEVELOPMENT_TEAM = 57FHRQVBLR;
				ENABLE_PREVIEWS = YES;
				INFOPLIST_FILE = Coffe/Info.plist;
				INFOPLIST_KEY_UILaunchScreen_Generation = YES;
				INFOPLIST_KEY_UISupportedInterfaceOrientations_iPad = "UIInterfaceOrientationPortrait UIInterfaceOrientationPortraitUpsideDown UIInterfaceOrientationLandscapeLeft UIInterfaceOrientationLandscapeRight";
				INFOPLIST_KEY_UISupportedInterfaceOrientations_iPhone = "UIInterfaceOrientationPortrait UIInterfaceOrientationLandscapeLeft UIInterfaceOrientationLandscapeRight";
				IPHONEOS_DEPLOYMENT_TARGET = 17.6;
				LD_RUNPATH_SEARCH_PATHS = (
					"$(inherited)",
					"@executable_path/Frameworks",
				);
				MARKETING_VERSION = 1.0;
				PRODUCT_BUNDLE_IDENTIFIER = "luky.skrivos-gmail.com.Coffe";
				PRODUCT_NAME = "$(TARGET_NAME)";
				SWIFT_EMIT_LOC_STRINGS = YES;
				SWIFT_VERSION = 5.0;
				TARGETED_DEVICE_FAMILY = "1,2";
			};
			name = Debug;
		};
		FAA1D1D92B8C80F600EE7364 /* Release */ = {
			isa = XCBuildConfiguration;
			baseConfigurationReference = 4428C7CFB57095EA57FCB2DF /* Pods-BasicCoffe-Coffe.release.xcconfig */;
			buildSettings = {
				ASSETCATALOG_COMPILER_APPICON_NAME = AppIcon;
				ASSETCATALOG_COMPILER_GLOBAL_ACCENT_COLOR_NAME = AccentColor;
				CODE_SIGN_STYLE = Automatic;
				CURRENT_PROJECT_VERSION = 1;
				DEVELOPMENT_ASSET_PATHS = "\"Coffe/Preview Content\"";
				DEVELOPMENT_TEAM = 57FHRQVBLR;
				ENABLE_PREVIEWS = YES;
				INFOPLIST_FILE = Coffe/Info.plist;
				INFOPLIST_KEY_UILaunchScreen_Generation = YES;
				INFOPLIST_KEY_UISupportedInterfaceOrientations_iPad = "UIInterfaceOrientationPortrait UIInterfaceOrientationPortraitUpsideDown UIInterfaceOrientationLandscapeLeft UIInterfaceOrientationLandscapeRight";
				INFOPLIST_KEY_UISupportedInterfaceOrientations_iPhone = "UIInterfaceOrientationPortrait UIInterfaceOrientationLandscapeLeft UIInterfaceOrientationLandscapeRight";
				IPHONEOS_DEPLOYMENT_TARGET = 17.6;
				LD_RUNPATH_SEARCH_PATHS = (
					"$(inherited)",
					"@executable_path/Frameworks",
				);
				MARKETING_VERSION = 1.0;
				PRODUCT_BUNDLE_IDENTIFIER = "luky.skrivos-gmail.com.Coffe";
				PRODUCT_NAME = "$(TARGET_NAME)";
				SWIFT_EMIT_LOC_STRINGS = YES;
				SWIFT_VERSION = 5.0;
				TARGETED_DEVICE_FAMILY = "1,2";
			};
			name = Release;
		};
/* End XCBuildConfiguration section */

/* Begin XCConfigurationList section */
		FA2559D42D8B203600F91607 /* Build configuration list for PBXNativeTarget "CoffeUnitTests" */ = {
			isa = XCConfigurationList;
			buildConfigurations = (
				FA2559D22D8B203600F91607 /* Debug */,
				FA2559D32D8B203600F91607 /* Release */,
			);
			defaultConfigurationIsVisible = 0;
			defaultConfigurationName = Release;
		};
		FA255A7F2D8C47B200F91607 /* Build configuration list for PBXNativeTarget "CoffeUITests" */ = {
			isa = XCConfigurationList;
			buildConfigurations = (
				FA255A802D8C47B200F91607 /* Debug */,
				FA255A812D8C47B200F91607 /* Release */,
			);
			defaultConfigurationIsVisible = 0;
			defaultConfigurationName = Release;
		};
		FAA1D1AE2B8C80F400EE7364 /* Build configuration list for PBXProject "Coffe" */ = {
			isa = XCConfigurationList;
			buildConfigurations = (
				FAA1D1D52B8C80F600EE7364 /* Debug */,
				FAA1D1D62B8C80F600EE7364 /* Release */,
			);
			defaultConfigurationIsVisible = 0;
			defaultConfigurationName = Release;
		};
		FAA1D1D72B8C80F600EE7364 /* Build configuration list for PBXNativeTarget "Coffe" */ = {
			isa = XCConfigurationList;
			buildConfigurations = (
				FAA1D1D82B8C80F600EE7364 /* Debug */,
				FAA1D1D92B8C80F600EE7364 /* Release */,
			);
			defaultConfigurationIsVisible = 0;
			defaultConfigurationName = Release;
		};
/* End XCConfigurationList section */

/* Begin XCLocalSwiftPackageReference section */
		305664732D8DF9A6009AE35A /* XCLocalSwiftPackageReference "SuperExtensions" */ = {
			isa = XCLocalSwiftPackageReference;
			relativePath = SuperExtensions;
		};
/* End XCLocalSwiftPackageReference section */

/* Begin XCRemoteSwiftPackageReference section */
		FA1E15AF2BA203820013E0CF /* XCRemoteSwiftPackageReference "firebase-ios-sdk" */ = {
			isa = XCRemoteSwiftPackageReference;
			repositoryURL = "https://github.com/firebase/firebase-ios-sdk";
			requirement = {
				kind = upToNextMajorVersion;
				minimumVersion = 10.22.1;
			};
		};
		FA3317702B9DC5E900248936 /* XCRemoteSwiftPackageReference "GoogleSignIn-iOS" */ = {
			isa = XCRemoteSwiftPackageReference;
			repositoryURL = "https://github.com/google/GoogleSignIn-iOS";
			requirement = {
				kind = upToNextMajorVersion;
				minimumVersion = 7.0.0;
			};
		};
		FAA1D20B2B8E02D800EE7364 /* XCRemoteSwiftPackageReference "KeychainAccess" */ = {
			isa = XCRemoteSwiftPackageReference;
			repositoryURL = "https://github.com/kishikawakatsumi/KeychainAccess";
			requirement = {
				branch = master;
				kind = branch;
			};
		};
		FADA61F12B9C680400FDD9AF /* XCRemoteSwiftPackageReference "Kingfisher" */ = {
			isa = XCRemoteSwiftPackageReference;
			repositoryURL = "https://github.com/onevcat/Kingfisher.git";
			requirement = {
				kind = upToNextMajorVersion;
				minimumVersion = 7.11.0;
			};
		};
		FAFF03482D4B773200BCA8CE /* XCRemoteSwiftPackageReference "Swinject" */ = {
			isa = XCRemoteSwiftPackageReference;
			repositoryURL = "https://github.com/Swinject/Swinject.git";
			requirement = {
				kind = upToNextMajorVersion;
				minimumVersion = 2.9.1;
			};
		};
/* End XCRemoteSwiftPackageReference section */

/* Begin XCSwiftPackageProductDependency section */
		305664742D8DF9A6009AE35A /* SuperExtensions */ = {
			isa = XCSwiftPackageProductDependency;
			productName = SuperExtensions;
		};
		FA1E15B02BA203820013E0CF /* FirebaseAuth */ = {
			isa = XCSwiftPackageProductDependency;
			package = FA1E15AF2BA203820013E0CF /* XCRemoteSwiftPackageReference "firebase-ios-sdk" */;
			productName = FirebaseAuth;
		};
		FA1E15B22BA203820013E0CF /* FirebaseFirestore */ = {
			isa = XCSwiftPackageProductDependency;
			package = FA1E15AF2BA203820013E0CF /* XCRemoteSwiftPackageReference "firebase-ios-sdk" */;
			productName = FirebaseFirestore;
		};
		FA1E15B42BA203820013E0CF /* FirebaseFirestoreSwift */ = {
			isa = XCSwiftPackageProductDependency;
			package = FA1E15AF2BA203820013E0CF /* XCRemoteSwiftPackageReference "firebase-ios-sdk" */;
			productName = FirebaseFirestoreSwift;
		};
		FA3317712B9DC5E900248936 /* GoogleSignIn */ = {
			isa = XCSwiftPackageProductDependency;
			package = FA3317702B9DC5E900248936 /* XCRemoteSwiftPackageReference "GoogleSignIn-iOS" */;
			productName = GoogleSignIn;
		};
		FA3317732B9DC5E900248936 /* GoogleSignInSwift */ = {
			isa = XCSwiftPackageProductDependency;
			package = FA3317702B9DC5E900248936 /* XCRemoteSwiftPackageReference "GoogleSignIn-iOS" */;
			productName = GoogleSignInSwift;
		};
		FAA1D20C2B8E02D800EE7364 /* KeychainAccess */ = {
			isa = XCSwiftPackageProductDependency;
			package = FAA1D20B2B8E02D800EE7364 /* XCRemoteSwiftPackageReference "KeychainAccess" */;
			productName = KeychainAccess;
		};
		FADA61F22B9C680400FDD9AF /* Kingfisher */ = {
			isa = XCSwiftPackageProductDependency;
			package = FADA61F12B9C680400FDD9AF /* XCRemoteSwiftPackageReference "Kingfisher" */;
			productName = Kingfisher;
		};
		FAFF03492D4B773200BCA8CE /* Swinject */ = {
			isa = XCSwiftPackageProductDependency;
			package = FAFF03482D4B773200BCA8CE /* XCRemoteSwiftPackageReference "Swinject" */;
			productName = Swinject;
		};
/* End XCSwiftPackageProductDependency section */
	};
	rootObject = FAA1D1AB2B8C80F400EE7364 /* Project object */;
}
